// !$*UTF8*$!
{
	archiveVersion = 1;
	classes = {
	};
	objectVersion = 60;
	objects = {

/* Begin PBXBuildFile section */
		0114ADB22C404D4B008E5114 /* BounceViewModel.swift in Sources */ = {isa = PBXBuildFile; fileRef = 0114ADB12C404D4B008E5114 /* BounceViewModel.swift */; };
		0114ADB42C405691008E5114 /* BlankButtonStyle.swift in Sources */ = {isa = PBXBuildFile; fileRef = 0114ADB32C405691008E5114 /* BlankButtonStyle.swift */; };
		0114ADBA2C406499008E5114 /* OptionsView.swift in Sources */ = {isa = PBXBuildFile; fileRef = 0114ADB92C406499008E5114 /* OptionsView.swift */; };
		0114ADBC2C406FDC008E5114 /* OptionsRowButtonStyle.swift in Sources */ = {isa = PBXBuildFile; fileRef = 0114ADBB2C406FDC008E5114 /* OptionsRowButtonStyle.swift */; };
		015E4FF02C39E77600AFD64E /* TVBouncyBoyApp.swift in Sources */ = {isa = PBXBuildFile; fileRef = 015E4FEF2C39E77600AFD64E /* TVBouncyBoyApp.swift */; };
		015E4FF22C39E77600AFD64E /* BounceView.swift in Sources */ = {isa = PBXBuildFile; fileRef = 015E4FF12C39E77600AFD64E /* BounceView.swift */; };
		015E4FF42C39E77700AFD64E /* Assets.xcassets in Resources */ = {isa = PBXBuildFile; fileRef = 015E4FF32C39E77700AFD64E /* Assets.xcassets */; };
		015E4FF72C39E77700AFD64E /* Preview Assets.xcassets in Resources */ = {isa = PBXBuildFile; fileRef = 015E4FF62C39E77700AFD64E /* Preview Assets.xcassets */; };
		01ADC90C2C49842F006A2214 /* TVBouncyBoy_iOSApp.swift in Sources */ = {isa = PBXBuildFile; fileRef = 01ADC90B2C49842F006A2214 /* TVBouncyBoy_iOSApp.swift */; };
		01ADC90E2C49842F006A2214 /* ContentView.swift in Sources */ = {isa = PBXBuildFile; fileRef = 01ADC90D2C49842F006A2214 /* ContentView.swift */; };
		01ADC9122C498430006A2214 /* Assets.xcassets in Resources */ = {isa = PBXBuildFile; fileRef = 01ADC9112C498430006A2214 /* Assets.xcassets */; };
		01ADC9152C498430006A2214 /* Preview Assets.xcassets in Resources */ = {isa = PBXBuildFile; fileRef = 01ADC9142C498430006A2214 /* Preview Assets.xcassets */; };
		01ADC91A2C49858C006A2214 /* AppImage.swift in Sources */ = {isa = PBXBuildFile; fileRef = 01ADC9192C49858C006A2214 /* AppImage.swift */; };
		01ADC91B2C49858C006A2214 /* AppImage.swift in Sources */ = {isa = PBXBuildFile; fileRef = 01ADC9192C49858C006A2214 /* AppImage.swift */; };
		01ADC91D2C4989D2006A2214 /* Utility.swift in Sources */ = {isa = PBXBuildFile; fileRef = 01ADC91C2C4989D2006A2214 /* Utility.swift */; };
		01ADC91E2C4989D2006A2214 /* Utility.swift in Sources */ = {isa = PBXBuildFile; fileRef = 01ADC91C2C4989D2006A2214 /* Utility.swift */; };
		01ADC9202C498B12006A2214 /* DataManager.swift in Sources */ = {isa = PBXBuildFile; fileRef = 01ADC91F2C498B12006A2214 /* DataManager.swift */; };
		01ADC9212C498B12006A2214 /* DataManager.swift in Sources */ = {isa = PBXBuildFile; fileRef = 01ADC91F2C498B12006A2214 /* DataManager.swift */; };
		01ADC9262C49A656006A2214 /* ContentViewModel.swift in Sources */ = {isa = PBXBuildFile; fileRef = 01ADC9242C49A656006A2214 /* ContentViewModel.swift */; };
		01ADC9282C49A759006A2214 /* PhotosPickerManager.swift in Sources */ = {isa = PBXBuildFile; fileRef = 01ADC9272C49A759006A2214 /* PhotosPickerManager.swift */; };
		01ADC92C2C49C49A006A2214 /* OptionsRowButtonLabel.swift in Sources */ = {isa = PBXBuildFile; fileRef = 01ADC92B2C49C49A006A2214 /* OptionsRowButtonLabel.swift */; };
		01B3FD882C49F9EC00BCCA3E /* HomeView.swift in Sources */ = {isa = PBXBuildFile; fileRef = 01B3FD872C49F9EC00BCCA3E /* HomeView.swift */; };
		01B3FD8B2C49FB0400BCCA3E /* PreviewView.swift in Sources */ = {isa = PBXBuildFile; fileRef = 01B3FD8A2C49FB0400BCCA3E /* PreviewView.swift */; };
		01B3FD8E2C49FD5C00BCCA3E /* BlankButtonStyle.swift in Sources */ = {isa = PBXBuildFile; fileRef = 0114ADB32C405691008E5114 /* BlankButtonStyle.swift */; };
		01B3FD912C49FDAE00BCCA3E /* OptionsRowButtonStyle.swift in Sources */ = {isa = PBXBuildFile; fileRef = 0114ADBB2C406FDC008E5114 /* OptionsRowButtonStyle.swift */; };
		01B3FD932C49FEA000BCCA3E /* PreviewViewModel.swift in Sources */ = {isa = PBXBuildFile; fileRef = 01B3FD922C49FEA000BCCA3E /* PreviewViewModel.swift */; };
/* End PBXBuildFile section */

/* Begin PBXFileReference section */
		0114ADB12C404D4B008E5114 /* BounceViewModel.swift */ = {isa = PBXFileReference; lastKnownFileType = sourcecode.swift; path = BounceViewModel.swift; sourceTree = "<group>"; };
		0114ADB32C405691008E5114 /* BlankButtonStyle.swift */ = {isa = PBXFileReference; lastKnownFileType = sourcecode.swift; path = BlankButtonStyle.swift; sourceTree = "<group>"; };
		0114ADB92C406499008E5114 /* OptionsView.swift */ = {isa = PBXFileReference; lastKnownFileType = sourcecode.swift; path = OptionsView.swift; sourceTree = "<group>"; };
		0114ADBB2C406FDC008E5114 /* OptionsRowButtonStyle.swift */ = {isa = PBXFileReference; lastKnownFileType = sourcecode.swift; path = OptionsRowButtonStyle.swift; sourceTree = "<group>"; };
		015E4FEC2C39E77600AFD64E /* TVBouncyBoy.app */ = {isa = PBXFileReference; explicitFileType = wrapper.application; includeInIndex = 0; path = TVBouncyBoy.app; sourceTree = BUILT_PRODUCTS_DIR; };
		015E4FEF2C39E77600AFD64E /* TVBouncyBoyApp.swift */ = {isa = PBXFileReference; lastKnownFileType = sourcecode.swift; path = TVBouncyBoyApp.swift; sourceTree = "<group>"; };
		015E4FF12C39E77600AFD64E /* BounceView.swift */ = {isa = PBXFileReference; lastKnownFileType = sourcecode.swift; path = BounceView.swift; sourceTree = "<group>"; };
		015E4FF32C39E77700AFD64E /* Assets.xcassets */ = {isa = PBXFileReference; lastKnownFileType = folder.assetcatalog; path = Assets.xcassets; sourceTree = "<group>"; };
		015E4FF62C39E77700AFD64E /* Preview Assets.xcassets */ = {isa = PBXFileReference; lastKnownFileType = folder.assetcatalog; path = "Preview Assets.xcassets"; sourceTree = "<group>"; };
		01ADC9092C49842F006A2214 /* TVBouncyBoy-iOS.app */ = {isa = PBXFileReference; explicitFileType = wrapper.application; includeInIndex = 0; path = "TVBouncyBoy-iOS.app"; sourceTree = BUILT_PRODUCTS_DIR; };
		01ADC90B2C49842F006A2214 /* TVBouncyBoy_iOSApp.swift */ = {isa = PBXFileReference; lastKnownFileType = sourcecode.swift; path = TVBouncyBoy_iOSApp.swift; sourceTree = "<group>"; };
		01ADC90D2C49842F006A2214 /* ContentView.swift */ = {isa = PBXFileReference; lastKnownFileType = sourcecode.swift; path = ContentView.swift; sourceTree = "<group>"; };
		01ADC9112C498430006A2214 /* Assets.xcassets */ = {isa = PBXFileReference; lastKnownFileType = folder.assetcatalog; path = Assets.xcassets; sourceTree = "<group>"; };
		01ADC9142C498430006A2214 /* Preview Assets.xcassets */ = {isa = PBXFileReference; lastKnownFileType = folder.assetcatalog; path = "Preview Assets.xcassets"; sourceTree = "<group>"; };
		01ADC9192C49858C006A2214 /* AppImage.swift */ = {isa = PBXFileReference; lastKnownFileType = sourcecode.swift; path = AppImage.swift; sourceTree = "<group>"; };
		01ADC91C2C4989D2006A2214 /* Utility.swift */ = {isa = PBXFileReference; lastKnownFileType = sourcecode.swift; path = Utility.swift; sourceTree = "<group>"; };
		01ADC91F2C498B12006A2214 /* DataManager.swift */ = {isa = PBXFileReference; lastKnownFileType = sourcecode.swift; path = DataManager.swift; sourceTree = "<group>"; };
		01ADC9222C498DCD006A2214 /* TVBouncyBoy.entitlements */ = {isa = PBXFileReference; lastKnownFileType = text.plist.entitlements; path = TVBouncyBoy.entitlements; sourceTree = "<group>"; };
		01ADC9232C498EAC006A2214 /* TVBouncyBoy-iOS.entitlements */ = {isa = PBXFileReference; lastKnownFileType = text.plist.entitlements; path = "TVBouncyBoy-iOS.entitlements"; sourceTree = "<group>"; };
		01ADC9242C49A656006A2214 /* ContentViewModel.swift */ = {isa = PBXFileReference; lastKnownFileType = sourcecode.swift; path = ContentViewModel.swift; sourceTree = "<group>"; };
		01ADC9272C49A759006A2214 /* PhotosPickerManager.swift */ = {isa = PBXFileReference; lastKnownFileType = sourcecode.swift; path = PhotosPickerManager.swift; sourceTree = "<group>"; };
		01ADC92B2C49C49A006A2214 /* OptionsRowButtonLabel.swift */ = {isa = PBXFileReference; lastKnownFileType = sourcecode.swift; path = OptionsRowButtonLabel.swift; sourceTree = "<group>"; };
		01B3FD872C49F9EC00BCCA3E /* HomeView.swift */ = {isa = PBXFileReference; lastKnownFileType = sourcecode.swift; path = HomeView.swift; sourceTree = "<group>"; };
		01B3FD8A2C49FB0400BCCA3E /* PreviewView.swift */ = {isa = PBXFileReference; lastKnownFileType = sourcecode.swift; path = PreviewView.swift; sourceTree = "<group>"; };
		01B3FD922C49FEA000BCCA3E /* PreviewViewModel.swift */ = {isa = PBXFileReference; lastKnownFileType = sourcecode.swift; path = PreviewViewModel.swift; sourceTree = "<group>"; };
/* End PBXFileReference section */

/* Begin PBXFrameworksBuildPhase section */
		015E4FE92C39E77600AFD64E /* Frameworks */ = {
			isa = PBXFrameworksBuildPhase;
			buildActionMask = 2147483647;
			files = (
			);
			runOnlyForDeploymentPostprocessing = 0;
		};
		01ADC9062C49842F006A2214 /* Frameworks */ = {
			isa = PBXFrameworksBuildPhase;
			buildActionMask = 2147483647;
			files = (
			);
			runOnlyForDeploymentPostprocessing = 0;
		};
/* End PBXFrameworksBuildPhase section */

/* Begin PBXGroup section */
		015E4FE32C39E77600AFD64E = {
			isa = PBXGroup;
			children = (
				015E4FEE2C39E77600AFD64E /* TVBouncyBoy */,
				01ADC90A2C49842F006A2214 /* TVBouncyBoy-iOS */,
				015E4FED2C39E77600AFD64E /* Products */,
			);
			sourceTree = "<group>";
		};
		015E4FED2C39E77600AFD64E /* Products */ = {
			isa = PBXGroup;
			children = (
				015E4FEC2C39E77600AFD64E /* TVBouncyBoy.app */,
				01ADC9092C49842F006A2214 /* TVBouncyBoy-iOS.app */,
			);
			name = Products;
			sourceTree = "<group>";
		};
		015E4FEE2C39E77600AFD64E /* TVBouncyBoy */ = {
			isa = PBXGroup;
			children = (
				01ADC9222C498DCD006A2214 /* TVBouncyBoy.entitlements */,
				015E4FEF2C39E77600AFD64E /* TVBouncyBoyApp.swift */,
				0114ADBB2C406FDC008E5114 /* OptionsRowButtonStyle.swift */,
				01ADC92B2C49C49A006A2214 /* OptionsRowButtonLabel.swift */,
				015E4FF12C39E77600AFD64E /* BounceView.swift */,
				0114ADB12C404D4B008E5114 /* BounceViewModel.swift */,
				0114ADB32C405691008E5114 /* BlankButtonStyle.swift */,
				0114ADB92C406499008E5114 /* OptionsView.swift */,
				015E4FF32C39E77700AFD64E /* Assets.xcassets */,
				015E4FF52C39E77700AFD64E /* Preview Content */,
			);
			path = TVBouncyBoy;
			sourceTree = "<group>";
		};
		015E4FF52C39E77700AFD64E /* Preview Content */ = {
			isa = PBXGroup;
			children = (
				015E4FF62C39E77700AFD64E /* Preview Assets.xcassets */,
			);
			path = "Preview Content";
			sourceTree = "<group>";
		};
		01ADC90A2C49842F006A2214 /* TVBouncyBoy-iOS */ = {
			isa = PBXGroup;
			children = (
				01B3FD892C49FADA00BCCA3E /* Views */,
				01ADC9232C498EAC006A2214 /* TVBouncyBoy-iOS.entitlements */,
				01ADC90B2C49842F006A2214 /* TVBouncyBoy_iOSApp.swift */,
				01ADC9192C49858C006A2214 /* AppImage.swift */,
				01ADC9242C49A656006A2214 /* ContentViewModel.swift */,
				01ADC9272C49A759006A2214 /* PhotosPickerManager.swift */,
				01ADC91F2C498B12006A2214 /* DataManager.swift */,
				01ADC91C2C4989D2006A2214 /* Utility.swift */,
				01ADC9132C498430006A2214 /* Preview Content */,
				01ADC9112C498430006A2214 /* Assets.xcassets */,
				01B3FD922C49FEA000BCCA3E /* PreviewViewModel.swift */,
			);
			path = "TVBouncyBoy-iOS";
			sourceTree = "<group>";
		};
		01ADC9132C498430006A2214 /* Preview Content */ = {
			isa = PBXGroup;
			children = (
				01ADC9142C498430006A2214 /* Preview Assets.xcassets */,
			);
			path = "Preview Content";
			sourceTree = "<group>";
		};
		01B3FD892C49FADA00BCCA3E /* Views */ = {
			isa = PBXGroup;
			children = (
				01B3FD872C49F9EC00BCCA3E /* HomeView.swift */,
				01ADC90D2C49842F006A2214 /* ContentView.swift */,
				01B3FD8A2C49FB0400BCCA3E /* PreviewView.swift */,
			);
			path = Views;
			sourceTree = "<group>";
		};
/* End PBXGroup section */

/* Begin PBXNativeTarget section */
		015E4FEB2C39E77600AFD64E /* TVBouncyBoy */ = {
			isa = PBXNativeTarget;
			buildConfigurationList = 015E4FFA2C39E77700AFD64E /* Build configuration list for PBXNativeTarget "TVBouncyBoy" */;
			buildPhases = (
				015E4FE82C39E77600AFD64E /* Sources */,
				015E4FE92C39E77600AFD64E /* Frameworks */,
				015E4FEA2C39E77600AFD64E /* Resources */,
			);
			buildRules = (
			);
			dependencies = (
			);
			name = TVBouncyBoy;
			productName = TVBouncyBoy;
			productReference = 015E4FEC2C39E77600AFD64E /* TVBouncyBoy.app */;
			productType = "com.apple.product-type.application";
		};
		01ADC9082C49842F006A2214 /* TVBouncyBoy-iOS */ = {
			isa = PBXNativeTarget;
			buildConfigurationList = 01ADC9162C498430006A2214 /* Build configuration list for PBXNativeTarget "TVBouncyBoy-iOS" */;
			buildPhases = (
				01ADC9052C49842F006A2214 /* Sources */,
				01ADC9062C49842F006A2214 /* Frameworks */,
				01ADC9072C49842F006A2214 /* Resources */,
			);
			buildRules = (
			);
			dependencies = (
			);
			name = "TVBouncyBoy-iOS";
			productName = "TVBouncyBoy-iOS";
			productReference = 01ADC9092C49842F006A2214 /* TVBouncyBoy-iOS.app */;
			productType = "com.apple.product-type.application";
		};
/* End PBXNativeTarget section */

/* Begin PBXProject section */
		015E4FE42C39E77600AFD64E /* Project object */ = {
			isa = PBXProject;
			attributes = {
				BuildIndependentTargetsInParallel = 1;
				LastSwiftUpdateCheck = 1540;
				LastUpgradeCheck = 1600;
				TargetAttributes = {
					015E4FEB2C39E77600AFD64E = {
						CreatedOnToolsVersion = 16.0;
					};
					01ADC9082C49842F006A2214 = {
						CreatedOnToolsVersion = 15.4;
					};
				};
			};
			buildConfigurationList = 015E4FE72C39E77600AFD64E /* Build configuration list for PBXProject "TVBouncyBoy" */;
			compatibilityVersion = "Xcode 15.0";
			developmentRegion = en;
			hasScannedForEncodings = 0;
			knownRegions = (
				en,
				Base,
			);
			mainGroup = 015E4FE32C39E77600AFD64E;
			productRefGroup = 015E4FED2C39E77600AFD64E /* Products */;
			projectDirPath = "";
			projectRoot = "";
			targets = (
				015E4FEB2C39E77600AFD64E /* TVBouncyBoy */,
				01ADC9082C49842F006A2214 /* TVBouncyBoy-iOS */,
			);
		};
/* End PBXProject section */

/* Begin PBXResourcesBuildPhase section */
		015E4FEA2C39E77600AFD64E /* Resources */ = {
			isa = PBXResourcesBuildPhase;
			buildActionMask = 2147483647;
			files = (
				015E4FF72C39E77700AFD64E /* Preview Assets.xcassets in Resources */,
				015E4FF42C39E77700AFD64E /* Assets.xcassets in Resources */,
			);
			runOnlyForDeploymentPostprocessing = 0;
		};
		01ADC9072C49842F006A2214 /* Resources */ = {
			isa = PBXResourcesBuildPhase;
			buildActionMask = 2147483647;
			files = (
				01ADC9152C498430006A2214 /* Preview Assets.xcassets in Resources */,
				01ADC9122C498430006A2214 /* Assets.xcassets in Resources */,
			);
			runOnlyForDeploymentPostprocessing = 0;
		};
/* End PBXResourcesBuildPhase section */

/* Begin PBXSourcesBuildPhase section */
		015E4FE82C39E77600AFD64E /* Sources */ = {
			isa = PBXSourcesBuildPhase;
			buildActionMask = 2147483647;
			files = (
				01ADC91D2C4989D2006A2214 /* Utility.swift in Sources */,
				0114ADB22C404D4B008E5114 /* BounceViewModel.swift in Sources */,
				01ADC91A2C49858C006A2214 /* AppImage.swift in Sources */,
				015E4FF22C39E77600AFD64E /* BounceView.swift in Sources */,
				0114ADBA2C406499008E5114 /* OptionsView.swift in Sources */,
				0114ADB42C405691008E5114 /* BlankButtonStyle.swift in Sources */,
				015E4FF02C39E77600AFD64E /* TVBouncyBoyApp.swift in Sources */,
				01ADC9202C498B12006A2214 /* DataManager.swift in Sources */,
				0114ADBC2C406FDC008E5114 /* OptionsRowButtonStyle.swift in Sources */,
				01ADC92C2C49C49A006A2214 /* OptionsRowButtonLabel.swift in Sources */,
			);
			runOnlyForDeploymentPostprocessing = 0;
		};
		01ADC9052C49842F006A2214 /* Sources */ = {
			isa = PBXSourcesBuildPhase;
			buildActionMask = 2147483647;
			files = (
				01B3FD912C49FDAE00BCCA3E /* OptionsRowButtonStyle.swift in Sources */,
				01ADC91E2C4989D2006A2214 /* Utility.swift in Sources */,
				01ADC9212C498B12006A2214 /* DataManager.swift in Sources */,
				01B3FD932C49FEA000BCCA3E /* PreviewViewModel.swift in Sources */,
				01B3FD8B2C49FB0400BCCA3E /* PreviewView.swift in Sources */,
				01ADC9262C49A656006A2214 /* ContentViewModel.swift in Sources */,
				01ADC90E2C49842F006A2214 /* ContentView.swift in Sources */,
				01ADC90C2C49842F006A2214 /* TVBouncyBoy_iOSApp.swift in Sources */,
				01B3FD882C49F9EC00BCCA3E /* HomeView.swift in Sources */,
				01ADC91B2C49858C006A2214 /* AppImage.swift in Sources */,
				01B3FD8E2C49FD5C00BCCA3E /* BlankButtonStyle.swift in Sources */,
				01ADC9282C49A759006A2214 /* PhotosPickerManager.swift in Sources */,
			);
			runOnlyForDeploymentPostprocessing = 0;
		};
/* End PBXSourcesBuildPhase section */

/* Begin XCBuildConfiguration section */
		015E4FF82C39E77700AFD64E /* Debug */ = {
			isa = XCBuildConfiguration;
			buildSettings = {
				ALWAYS_SEARCH_USER_PATHS = NO;
				ASSETCATALOG_COMPILER_GENERATE_SWIFT_ASSET_SYMBOL_EXTENSIONS = YES;
				CLANG_ANALYZER_NONNULL = YES;
				CLANG_ANALYZER_NUMBER_OBJECT_CONVERSION = YES_AGGRESSIVE;
				CLANG_CXX_LANGUAGE_STANDARD = "gnu++20";
				CLANG_ENABLE_MODULES = YES;
				CLANG_ENABLE_OBJC_ARC = YES;
				CLANG_ENABLE_OBJC_WEAK = YES;
				CLANG_WARN_BLOCK_CAPTURE_AUTORELEASING = YES;
				CLANG_WARN_BOOL_CONVERSION = YES;
				CLANG_WARN_COMMA = YES;
				CLANG_WARN_CONSTANT_CONVERSION = YES;
				CLANG_WARN_DEPRECATED_OBJC_IMPLEMENTATIONS = YES;
				CLANG_WARN_DIRECT_OBJC_ISA_USAGE = YES_ERROR;
				CLANG_WARN_DOCUMENTATION_COMMENTS = YES;
				CLANG_WARN_EMPTY_BODY = YES;
				CLANG_WARN_ENUM_CONVERSION = YES;
				CLANG_WARN_INFINITE_RECURSION = YES;
				CLANG_WARN_INT_CONVERSION = YES;
				CLANG_WARN_NON_LITERAL_NULL_CONVERSION = YES;
				CLANG_WARN_OBJC_IMPLICIT_RETAIN_SELF = YES;
				CLANG_WARN_OBJC_LITERAL_CONVERSION = YES;
				CLANG_WARN_OBJC_ROOT_CLASS = YES_ERROR;
				CLANG_WARN_QUOTED_INCLUDE_IN_FRAMEWORK_HEADER = YES;
				CLANG_WARN_RANGE_LOOP_ANALYSIS = YES;
				CLANG_WARN_STRICT_PROTOTYPES = YES;
				CLANG_WARN_SUSPICIOUS_MOVE = YES;
				CLANG_WARN_UNGUARDED_AVAILABILITY = YES_AGGRESSIVE;
				CLANG_WARN_UNREACHABLE_CODE = YES;
				CLANG_WARN__DUPLICATE_METHOD_MATCH = YES;
				COPY_PHASE_STRIP = NO;
				DEBUG_INFORMATION_FORMAT = dwarf;
				ENABLE_STRICT_OBJC_MSGSEND = YES;
				ENABLE_TESTABILITY = YES;
				ENABLE_USER_SCRIPT_SANDBOXING = YES;
				GCC_C_LANGUAGE_STANDARD = gnu17;
				GCC_DYNAMIC_NO_PIC = NO;
				GCC_NO_COMMON_BLOCKS = YES;
				GCC_OPTIMIZATION_LEVEL = 0;
				GCC_PREPROCESSOR_DEFINITIONS = (
					"DEBUG=1",
					"$(inherited)",
				);
				GCC_WARN_64_TO_32_BIT_CONVERSION = YES;
				GCC_WARN_ABOUT_RETURN_TYPE = YES_ERROR;
				GCC_WARN_UNDECLARED_SELECTOR = YES;
				GCC_WARN_UNINITIALIZED_AUTOS = YES_AGGRESSIVE;
				GCC_WARN_UNUSED_FUNCTION = YES;
				GCC_WARN_UNUSED_VARIABLE = YES;
				LOCALIZATION_PREFERS_STRING_CATALOGS = YES;
				MTL_ENABLE_DEBUG_INFO = INCLUDE_SOURCE;
				MTL_FAST_MATH = YES;
				ONLY_ACTIVE_ARCH = YES;
				SDKROOT = appletvos;
				SWIFT_ACTIVE_COMPILATION_CONDITIONS = "DEBUG $(inherited)";
				SWIFT_OPTIMIZATION_LEVEL = "-Onone";
				TVOS_DEPLOYMENT_TARGET = 18.0;
			};
			name = Debug;
		};
		015E4FF92C39E77700AFD64E /* Release */ = {
			isa = XCBuildConfiguration;
			buildSettings = {
				ALWAYS_SEARCH_USER_PATHS = NO;
				ASSETCATALOG_COMPILER_GENERATE_SWIFT_ASSET_SYMBOL_EXTENSIONS = YES;
				CLANG_ANALYZER_NONNULL = YES;
				CLANG_ANALYZER_NUMBER_OBJECT_CONVERSION = YES_AGGRESSIVE;
				CLANG_CXX_LANGUAGE_STANDARD = "gnu++20";
				CLANG_ENABLE_MODULES = YES;
				CLANG_ENABLE_OBJC_ARC = YES;
				CLANG_ENABLE_OBJC_WEAK = YES;
				CLANG_WARN_BLOCK_CAPTURE_AUTORELEASING = YES;
				CLANG_WARN_BOOL_CONVERSION = YES;
				CLANG_WARN_COMMA = YES;
				CLANG_WARN_CONSTANT_CONVERSION = YES;
				CLANG_WARN_DEPRECATED_OBJC_IMPLEMENTATIONS = YES;
				CLANG_WARN_DIRECT_OBJC_ISA_USAGE = YES_ERROR;
				CLANG_WARN_DOCUMENTATION_COMMENTS = YES;
				CLANG_WARN_EMPTY_BODY = YES;
				CLANG_WARN_ENUM_CONVERSION = YES;
				CLANG_WARN_INFINITE_RECURSION = YES;
				CLANG_WARN_INT_CONVERSION = YES;
				CLANG_WARN_NON_LITERAL_NULL_CONVERSION = YES;
				CLANG_WARN_OBJC_IMPLICIT_RETAIN_SELF = YES;
				CLANG_WARN_OBJC_LITERAL_CONVERSION = YES;
				CLANG_WARN_OBJC_ROOT_CLASS = YES_ERROR;
				CLANG_WARN_QUOTED_INCLUDE_IN_FRAMEWORK_HEADER = YES;
				CLANG_WARN_RANGE_LOOP_ANALYSIS = YES;
				CLANG_WARN_STRICT_PROTOTYPES = YES;
				CLANG_WARN_SUSPICIOUS_MOVE = YES;
				CLANG_WARN_UNGUARDED_AVAILABILITY = YES_AGGRESSIVE;
				CLANG_WARN_UNREACHABLE_CODE = YES;
				CLANG_WARN__DUPLICATE_METHOD_MATCH = YES;
				COPY_PHASE_STRIP = NO;
				DEBUG_INFORMATION_FORMAT = "dwarf-with-dsym";
				ENABLE_NS_ASSERTIONS = NO;
				ENABLE_STRICT_OBJC_MSGSEND = YES;
				ENABLE_USER_SCRIPT_SANDBOXING = YES;
				GCC_C_LANGUAGE_STANDARD = gnu17;
				GCC_NO_COMMON_BLOCKS = YES;
				GCC_WARN_64_TO_32_BIT_CONVERSION = YES;
				GCC_WARN_ABOUT_RETURN_TYPE = YES_ERROR;
				GCC_WARN_UNDECLARED_SELECTOR = YES;
				GCC_WARN_UNINITIALIZED_AUTOS = YES_AGGRESSIVE;
				GCC_WARN_UNUSED_FUNCTION = YES;
				GCC_WARN_UNUSED_VARIABLE = YES;
				LOCALIZATION_PREFERS_STRING_CATALOGS = YES;
				MTL_ENABLE_DEBUG_INFO = NO;
				MTL_FAST_MATH = YES;
				SDKROOT = appletvos;
				SWIFT_COMPILATION_MODE = wholemodule;
				TVOS_DEPLOYMENT_TARGET = 18.0;
				VALIDATE_PRODUCT = YES;
			};
			name = Release;
		};
		015E4FFB2C39E77700AFD64E /* Debug */ = {
			isa = XCBuildConfiguration;
			buildSettings = {
				ASSETCATALOG_COMPILER_APPICON_NAME = "App Icon & Top Shelf Image";
				ASSETCATALOG_COMPILER_GLOBAL_ACCENT_COLOR_NAME = AccentColor;
				CODE_SIGN_ENTITLEMENTS = TVBouncyBoy/TVBouncyBoy.entitlements;
				CODE_SIGN_STYLE = Automatic;
				CURRENT_PROJECT_VERSION = 1;
				DEVELOPMENT_ASSET_PATHS = "\"TVBouncyBoy/Preview Content\"";
				DEVELOPMENT_TEAM = CCAQHTG68D;
				ENABLE_PREVIEWS = YES;
				GENERATE_INFOPLIST_FILE = YES;
				INFOPLIST_KEY_UILaunchScreen_Generation = YES;
				INFOPLIST_KEY_UIUserInterfaceStyle = Automatic;
				IPHONEOS_DEPLOYMENT_TARGET = 17.0;
				LD_RUNPATH_SEARCH_PATHS = (
					"$(inherited)",
					"@executable_path/Frameworks",
				);
				MARKETING_VERSION = 1.0;
				PRODUCT_BUNDLE_IDENTIFIER = com.johnslevin.TVBouncyBoy;
				PRODUCT_NAME = "$(TARGET_NAME)";
				SWIFT_EMIT_LOC_STRINGS = YES;
				SWIFT_VERSION = 5.0;
				TARGETED_DEVICE_FAMILY = 3;
				TVOS_DEPLOYMENT_TARGET = 17.0;
			};
			name = Debug;
		};
		015E4FFC2C39E77700AFD64E /* Release */ = {
			isa = XCBuildConfiguration;
			buildSettings = {
				ASSETCATALOG_COMPILER_APPICON_NAME = "App Icon & Top Shelf Image";
				ASSETCATALOG_COMPILER_GLOBAL_ACCENT_COLOR_NAME = AccentColor;
				CODE_SIGN_ENTITLEMENTS = TVBouncyBoy/TVBouncyBoy.entitlements;
				CODE_SIGN_STYLE = Automatic;
				CURRENT_PROJECT_VERSION = 1;
				DEVELOPMENT_ASSET_PATHS = "\"TVBouncyBoy/Preview Content\"";
				DEVELOPMENT_TEAM = CCAQHTG68D;
				ENABLE_PREVIEWS = YES;
				GENERATE_INFOPLIST_FILE = YES;
				INFOPLIST_KEY_UILaunchScreen_Generation = YES;
				INFOPLIST_KEY_UIUserInterfaceStyle = Automatic;
				IPHONEOS_DEPLOYMENT_TARGET = 17.0;
				LD_RUNPATH_SEARCH_PATHS = (
					"$(inherited)",
					"@executable_path/Frameworks",
				);
				MARKETING_VERSION = 1.0;
				PRODUCT_BUNDLE_IDENTIFIER = com.johnslevin.TVBouncyBoy;
				PRODUCT_NAME = "$(TARGET_NAME)";
				SWIFT_EMIT_LOC_STRINGS = YES;
				SWIFT_VERSION = 5.0;
				TARGETED_DEVICE_FAMILY = 3;
				TVOS_DEPLOYMENT_TARGET = 17.0;
			};
			name = Release;
		};
		01ADC9172C498430006A2214 /* Debug */ = {
			isa = XCBuildConfiguration;
			buildSettings = {
				ASSETCATALOG_COMPILER_APPICON_NAME = AppIcon;
				ASSETCATALOG_COMPILER_GLOBAL_ACCENT_COLOR_NAME = AccentColor;
				CODE_SIGN_ENTITLEMENTS = "TVBouncyBoy-iOS/TVBouncyBoy-iOS.entitlements";
				CODE_SIGN_STYLE = Automatic;
				CURRENT_PROJECT_VERSION = 1;
				DEVELOPMENT_ASSET_PATHS = "\"TVBouncyBoy-iOS/Preview Content\"";
				DEVELOPMENT_TEAM = CCAQHTG68D;
				ENABLE_PREVIEWS = YES;
				GENERATE_INFOPLIST_FILE = YES;
				INFOPLIST_KEY_UIApplicationSceneManifest_Generation = YES;
				INFOPLIST_KEY_UIApplicationSupportsIndirectInputEvents = YES;
				INFOPLIST_KEY_UILaunchScreen_Generation = YES;
				INFOPLIST_KEY_UISupportedInterfaceOrientations_iPad = "UIInterfaceOrientationPortrait UIInterfaceOrientationPortraitUpsideDown UIInterfaceOrientationLandscapeLeft UIInterfaceOrientationLandscapeRight";
				INFOPLIST_KEY_UISupportedInterfaceOrientations_iPhone = "UIInterfaceOrientationPortrait UIInterfaceOrientationLandscapeLeft UIInterfaceOrientationLandscapeRight";
				IPHONEOS_DEPLOYMENT_TARGET = 17.5;
				LD_RUNPATH_SEARCH_PATHS = (
					"$(inherited)",
					"@executable_path/Frameworks",
				);
				MARKETING_VERSION = 1.0;
				PRODUCT_BUNDLE_IDENTIFIER = "com.johnslevin.TVBouncyBoy-iOS";
				PRODUCT_NAME = "$(TARGET_NAME)";
				SDKROOT = iphoneos;
				SWIFT_EMIT_LOC_STRINGS = YES;
				SWIFT_VERSION = 5.0;
				TARGETED_DEVICE_FAMILY = "1,2";
			};
			name = Debug;
		};
		01ADC9182C498430006A2214 /* Release */ = {
			isa = XCBuildConfiguration;
			buildSettings = {
				ASSETCATALOG_COMPILER_APPICON_NAME = AppIcon;
				ASSETCATALOG_COMPILER_GLOBAL_ACCENT_COLOR_NAME = AccentColor;
				CODE_SIGN_ENTITLEMENTS = "TVBouncyBoy-iOS/TVBouncyBoy-iOS.entitlements";
				CODE_SIGN_STYLE = Automatic;
				CURRENT_PROJECT_VERSION = 1;
				DEVELOPMENT_ASSET_PATHS = "\"TVBouncyBoy-iOS/Preview Content\"";
				DEVELOPMENT_TEAM = CCAQHTG68D;
				ENABLE_PREVIEWS = YES;
				GENERATE_INFOPLIST_FILE = YES;
				INFOPLIST_KEY_UIApplicationSceneManifest_Generation = YES;
				INFOPLIST_KEY_UIApplicationSupportsIndirectInputEvents = YES;
				INFOPLIST_KEY_UILaunchScreen_Generation = YES;
				INFOPLIST_KEY_UISupportedInterfaceOrientations_iPad = "UIInterfaceOrientationPortrait UIInterfaceOrientationPortraitUpsideDown UIInterfaceOrientationLandscapeLeft UIInterfaceOrientationLandscapeRight";
				INFOPLIST_KEY_UISupportedInterfaceOrientations_iPhone = "UIInterfaceOrientationPortrait UIInterfaceOrientationLandscapeLeft UIInterfaceOrientationLandscapeRight";
				IPHONEOS_DEPLOYMENT_TARGET = 17.5;
				LD_RUNPATH_SEARCH_PATHS = (
					"$(inherited)",
					"@executable_path/Frameworks",
				);
				MARKETING_VERSION = 1.0;
				PRODUCT_BUNDLE_IDENTIFIER = "com.johnslevin.TVBouncyBoy-iOS";
				PRODUCT_NAME = "$(TARGET_NAME)";
				SDKROOT = iphoneos;
				SWIFT_EMIT_LOC_STRINGS = YES;
				SWIFT_VERSION = 5.0;
				TARGETED_DEVICE_FAMILY = "1,2";
			};
			name = Release;
		};
/* End XCBuildConfiguration section */

/* Begin XCConfigurationList section */
		015E4FE72C39E77600AFD64E /* Build configuration list for PBXProject "TVBouncyBoy" */ = {
			isa = XCConfigurationList;
			buildConfigurations = (
				015E4FF82C39E77700AFD64E /* Debug */,
				015E4FF92C39E77700AFD64E /* Release */,
			);
			defaultConfigurationIsVisible = 0;
			defaultConfigurationName = Release;
		};
		015E4FFA2C39E77700AFD64E /* Build configuration list for PBXNativeTarget "TVBouncyBoy" */ = {
			isa = XCConfigurationList;
			buildConfigurations = (
				015E4FFB2C39E77700AFD64E /* Debug */,
				015E4FFC2C39E77700AFD64E /* Release */,
			);
			defaultConfigurationIsVisible = 0;
			defaultConfigurationName = Release;
		};
		01ADC9162C498430006A2214 /* Build configuration list for PBXNativeTarget "TVBouncyBoy-iOS" */ = {
			isa = XCConfigurationList;
			buildConfigurations = (
				01ADC9172C498430006A2214 /* Debug */,
				01ADC9182C498430006A2214 /* Release */,
			);
			defaultConfigurationIsVisible = 0;
			defaultConfigurationName = Release;
		};
/* End XCConfigurationList section */
	};
	rootObject = 015E4FE42C39E77600AFD64E /* Project object */;
}
