// !$*UTF8*$!
{
	archiveVersion = 1;
	classes = {
	};
	objectVersion = 60;
	objects = {

/* Begin PBXBuildFile section */
		01048BF72C581FE20057111D /* BackgroundModeButtonLabel.swift in Sources */ = {isa = PBXBuildFile; fileRef = 01048BF62C581FE20057111D /* BackgroundModeButtonLabel.swift */; };
		01048BF92C583B2C0057111D /* ForegroundMode.swift in Sources */ = {isa = PBXBuildFile; fileRef = 01048BF82C583B2C0057111D /* ForegroundMode.swift */; };
		01048BFB2C583B810057111D /* Clock1View.swift in Sources */ = {isa = PBXBuildFile; fileRef = 01048BFA2C583B810057111D /* Clock1View.swift */; };
		01048BFF2C5954A80057111D /* UserDefaults-Ext.swift in Sources */ = {isa = PBXBuildFile; fileRef = 01048BFE2C5954A80057111D /* UserDefaults-Ext.swift */; };
		01048C002C5954A80057111D /* UserDefaults-Ext.swift in Sources */ = {isa = PBXBuildFile; fileRef = 01048BFE2C5954A80057111D /* UserDefaults-Ext.swift */; };
		01048C022C595ECF0057111D /* OptionButtonSelected.swift in Sources */ = {isa = PBXBuildFile; fileRef = 01048C012C595ECF0057111D /* OptionButtonSelected.swift */; };
		01048C032C595ECF0057111D /* OptionButtonSelected.swift in Sources */ = {isa = PBXBuildFile; fileRef = 01048C012C595ECF0057111D /* OptionButtonSelected.swift */; };
		01048C062C5965B50057111D /* Clock2View.swift in Sources */ = {isa = PBXBuildFile; fileRef = 01048C052C5965B50057111D /* Clock2View.swift */; };
		01048C072C5965B50057111D /* Clock2View.swift in Sources */ = {isa = PBXBuildFile; fileRef = 01048C052C5965B50057111D /* Clock2View.swift */; };
		01048C092C59690E0057111D /* Clock3View.swift in Sources */ = {isa = PBXBuildFile; fileRef = 01048C082C59690E0057111D /* Clock3View.swift */; };
		01048C0A2C59690E0057111D /* Clock3View.swift in Sources */ = {isa = PBXBuildFile; fileRef = 01048C082C59690E0057111D /* Clock3View.swift */; };
		01048C0C2C5969C80057111D /* Clock4View.swift in Sources */ = {isa = PBXBuildFile; fileRef = 01048C0B2C5969C80057111D /* Clock4View.swift */; };
		01048C0D2C5969C80057111D /* Clock4View.swift in Sources */ = {isa = PBXBuildFile; fileRef = 01048C0B2C5969C80057111D /* Clock4View.swift */; };
		01048C0F2C596AEE0057111D /* Clock5View.swift in Sources */ = {isa = PBXBuildFile; fileRef = 01048C0E2C596AEE0057111D /* Clock5View.swift */; };
		01048C102C596AEE0057111D /* Clock5View.swift in Sources */ = {isa = PBXBuildFile; fileRef = 01048C0E2C596AEE0057111D /* Clock5View.swift */; };
		01048C132C5983860057111D /* NowPlaying1PreviewView.swift in Sources */ = {isa = PBXBuildFile; fileRef = 01048C122C5983860057111D /* NowPlaying1PreviewView.swift */; };
		01048C152C59920B0057111D /* NowPlaying2PreviewView.swift in Sources */ = {isa = PBXBuildFile; fileRef = 01048C142C59920B0057111D /* NowPlaying2PreviewView.swift */; };
		01048C172C5994820057111D /* NowPlaying3PreviewView.swift in Sources */ = {isa = PBXBuildFile; fileRef = 01048C162C5994820057111D /* NowPlaying3PreviewView.swift */; };
		0109E8AB2C657EA700C94982 /* ColorGrad7View.swift in Sources */ = {isa = PBXBuildFile; fileRef = 0109E8AA2C657EA700C94982 /* ColorGrad7View.swift */; };
		010BD2882C5431F600C522A8 /* SpaceGrotesk-Bold.ttf in Resources */ = {isa = PBXBuildFile; fileRef = 010BD2862C5431F600C522A8 /* SpaceGrotesk-Bold.ttf */; };
		010BD28B2C54323400C522A8 /* Font-Ext.swift in Sources */ = {isa = PBXBuildFile; fileRef = 010BD28A2C54323400C522A8 /* Font-Ext.swift */; };
		010BD28C2C54323400C522A8 /* Font-Ext.swift in Sources */ = {isa = PBXBuildFile; fileRef = 010BD28A2C54323400C522A8 /* Font-Ext.swift */; };
		01118EC42C5D93C200EF36A5 /* ColorBarsView.swift in Sources */ = {isa = PBXBuildFile; fileRef = 01118EC32C5D93C200EF36A5 /* ColorBarsView.swift */; };
		01118EC52C5DA1E900EF36A5 /* Assets.xcassets in Resources */ = {isa = PBXBuildFile; fileRef = 015E4FF32C39E77700AFD64E /* Assets.xcassets */; };
		01118EC72C5DB3CE00EF36A5 /* Emoji1View.swift in Sources */ = {isa = PBXBuildFile; fileRef = 01118EC62C5DB3CE00EF36A5 /* Emoji1View.swift */; };
		0114ADB22C404D4B008E5114 /* BounceViewModel.swift in Sources */ = {isa = PBXBuildFile; fileRef = 0114ADB12C404D4B008E5114 /* BounceViewModel.swift */; };
		0114ADB42C405691008E5114 /* BlankButtonStyle.swift in Sources */ = {isa = PBXBuildFile; fileRef = 0114ADB32C405691008E5114 /* BlankButtonStyle.swift */; };
		0114ADBA2C406499008E5114 /* OptionsView.swift in Sources */ = {isa = PBXBuildFile; fileRef = 0114ADB92C406499008E5114 /* OptionsView.swift */; };
		0114ADBC2C406FDC008E5114 /* OptionsRowButtonStyle.swift in Sources */ = {isa = PBXBuildFile; fileRef = 0114ADBB2C406FDC008E5114 /* OptionsRowButtonStyle.swift */; };
		011DAE5F2C62B93700B769AA /* Trivia1View.swift in Sources */ = {isa = PBXBuildFile; fileRef = 011DAE5E2C62B93700B769AA /* Trivia1View.swift */; };
		011DAE612C62E69500B769AA /* TriviaViewModel.swift in Sources */ = {isa = PBXBuildFile; fileRef = 011DAE602C62E69500B769AA /* TriviaViewModel.swift */; };
		0133D5A12C543FFC006B7C15 /* SpaceGrotesk-Bold.ttf in Resources */ = {isa = PBXBuildFile; fileRef = 010BD2862C5431F600C522A8 /* SpaceGrotesk-Bold.ttf */; };
		0133D5A32C5464B2006B7C15 /* TVHomeView.swift in Sources */ = {isa = PBXBuildFile; fileRef = 0133D5A22C5464B2006B7C15 /* TVHomeView.swift */; };
		0133D5AA2C546628006B7C15 /* BackgroundMode.swift in Sources */ = {isa = PBXBuildFile; fileRef = 0133D5A92C546628006B7C15 /* BackgroundMode.swift */; };
		0133D5AC2C5466DE006B7C15 /* TVHomeViewModel.swift in Sources */ = {isa = PBXBuildFile; fileRef = 0133D5AB2C5466DE006B7C15 /* TVHomeViewModel.swift */; };
		0133D5AE2C546EA4006B7C15 /* BouncingForegroundView.swift in Sources */ = {isa = PBXBuildFile; fileRef = 0133D5AD2C546EA4006B7C15 /* BouncingForegroundView.swift */; };
		0133D5B02C5498A8006B7C15 /* NowPlaying1View.swift in Sources */ = {isa = PBXBuildFile; fileRef = 0133D5AF2C5498A8006B7C15 /* NowPlaying1View.swift */; };
		0133D5B22C549A91006B7C15 /* NowPlayingViewModel.swift in Sources */ = {isa = PBXBuildFile; fileRef = 0133D5B12C549A91006B7C15 /* NowPlayingViewModel.swift */; };
		0133D5B42C55656E006B7C15 /* NowPlaying2View.swift in Sources */ = {isa = PBXBuildFile; fileRef = 0133D5B32C55656E006B7C15 /* NowPlaying2View.swift */; };
		0133D5B62C556A7A006B7C15 /* NothingPlayingView.swift in Sources */ = {isa = PBXBuildFile; fileRef = 0133D5B52C556A7A006B7C15 /* NothingPlayingView.swift */; };
		0133D5B82C557C9C006B7C15 /* NowPlaying3View.swift in Sources */ = {isa = PBXBuildFile; fileRef = 0133D5B72C557C9C006B7C15 /* NowPlaying3View.swift */; };
		013D6FE12C65798800297B59 /* ColorGrad6View.swift in Sources */ = {isa = PBXBuildFile; fileRef = 013D6FE02C65798800297B59 /* ColorGrad6View.swift */; };
		015E4FF02C39E77600AFD64E /* TVBouncyBoyApp.swift in Sources */ = {isa = PBXBuildFile; fileRef = 015E4FEF2C39E77600AFD64E /* TVBouncyBoyApp.swift */; };
		015E4FF42C39E77700AFD64E /* Assets.xcassets in Resources */ = {isa = PBXBuildFile; fileRef = 015E4FF32C39E77700AFD64E /* Assets.xcassets */; };
		015E4FF72C39E77700AFD64E /* Preview Assets.xcassets in Resources */ = {isa = PBXBuildFile; fileRef = 015E4FF62C39E77700AFD64E /* Preview Assets.xcassets */; };
		015EC8CF2C507CB1002E05F2 /* SettingsView.swift in Sources */ = {isa = PBXBuildFile; fileRef = 01CBF0742C5068D00015C327 /* SettingsView.swift */; };
		015EC8D12C519B21002E05F2 /* OptionsViewModel.swift in Sources */ = {isa = PBXBuildFile; fileRef = 015EC8D02C519B21002E05F2 /* OptionsViewModel.swift */; };
		015EC8D32C51A198002E05F2 /* UploadOnCompanionApp.swift in Sources */ = {isa = PBXBuildFile; fileRef = 015EC8D22C51A198002E05F2 /* UploadOnCompanionApp.swift */; };
		015EC8D52C530B95002E05F2 /* CompanionAppOverviewView.swift in Sources */ = {isa = PBXBuildFile; fileRef = 015EC8D42C530B95002E05F2 /* CompanionAppOverviewView.swift */; };
		015EC8D72C531C92002E05F2 /* OverviewView.swift in Sources */ = {isa = PBXBuildFile; fileRef = 015EC8D62C531C92002E05F2 /* OverviewView.swift */; };
		0178B0732C653D91002D9A5D /* ColorGrad2View.swift in Sources */ = {isa = PBXBuildFile; fileRef = 0178B0722C653D91002D9A5D /* ColorGrad2View.swift */; };
		0178B0752C654162002D9A5D /* ColorGrad3View.swift in Sources */ = {isa = PBXBuildFile; fileRef = 0178B0742C654162002D9A5D /* ColorGrad3View.swift */; };
		0178B0772C65526A002D9A5D /* ColorGrad4View.swift in Sources */ = {isa = PBXBuildFile; fileRef = 0178B0762C65526A002D9A5D /* ColorGrad4View.swift */; };
		0178B0792C65557F002D9A5D /* ColorGrad5View.swift in Sources */ = {isa = PBXBuildFile; fileRef = 0178B0782C65557F002D9A5D /* ColorGrad5View.swift */; };
		019D8CD72C61B89A000F5D21 /* Emoji2View.swift in Sources */ = {isa = PBXBuildFile; fileRef = 019D8CD62C61B89A000F5D21 /* Emoji2View.swift */; };
		01A4571B2C4F220100A3B8DB /* WidescreenImageView.swift in Sources */ = {isa = PBXBuildFile; fileRef = 01A4571A2C4F220100A3B8DB /* WidescreenImageView.swift */; };
		01A4571C2C4F220100A3B8DB /* WidescreenImageView.swift in Sources */ = {isa = PBXBuildFile; fileRef = 01A4571A2C4F220100A3B8DB /* WidescreenImageView.swift */; };
		01ADC90C2C49842F006A2214 /* TVBouncyBoy_iOSApp.swift in Sources */ = {isa = PBXBuildFile; fileRef = 01ADC90B2C49842F006A2214 /* TVBouncyBoy_iOSApp.swift */; };
		01ADC90E2C49842F006A2214 /* ContentView.swift in Sources */ = {isa = PBXBuildFile; fileRef = 01ADC90D2C49842F006A2214 /* ContentView.swift */; };
		01ADC9122C498430006A2214 /* Assets.xcassets in Resources */ = {isa = PBXBuildFile; fileRef = 01ADC9112C498430006A2214 /* Assets.xcassets */; };
		01ADC9152C498430006A2214 /* Preview Assets.xcassets in Resources */ = {isa = PBXBuildFile; fileRef = 01ADC9142C498430006A2214 /* Preview Assets.xcassets */; };
		01ADC91A2C49858C006A2214 /* AppImage.swift in Sources */ = {isa = PBXBuildFile; fileRef = 01ADC9192C49858C006A2214 /* AppImage.swift */; };
		01ADC91B2C49858C006A2214 /* AppImage.swift in Sources */ = {isa = PBXBuildFile; fileRef = 01ADC9192C49858C006A2214 /* AppImage.swift */; };
		01ADC91D2C4989D2006A2214 /* Utility.swift in Sources */ = {isa = PBXBuildFile; fileRef = 01ADC91C2C4989D2006A2214 /* Utility.swift */; };
		01ADC91E2C4989D2006A2214 /* Utility.swift in Sources */ = {isa = PBXBuildFile; fileRef = 01ADC91C2C4989D2006A2214 /* Utility.swift */; };
		01ADC9202C498B12006A2214 /* DataManager.swift in Sources */ = {isa = PBXBuildFile; fileRef = 01ADC91F2C498B12006A2214 /* DataManager.swift */; };
		01ADC9212C498B12006A2214 /* DataManager.swift in Sources */ = {isa = PBXBuildFile; fileRef = 01ADC91F2C498B12006A2214 /* DataManager.swift */; };
		01ADC9262C49A656006A2214 /* ContentViewModel.swift in Sources */ = {isa = PBXBuildFile; fileRef = 01ADC9242C49A656006A2214 /* ContentViewModel.swift */; };
		01ADC9282C49A759006A2214 /* PhotosPickerManager.swift in Sources */ = {isa = PBXBuildFile; fileRef = 01ADC9272C49A759006A2214 /* PhotosPickerManager.swift */; };
		01ADC92C2C49C49A006A2214 /* OptionsRowButtonLabel.swift in Sources */ = {isa = PBXBuildFile; fileRef = 01ADC92B2C49C49A006A2214 /* OptionsRowButtonLabel.swift */; };
		01B3FD882C49F9EC00BCCA3E /* HomeView.swift in Sources */ = {isa = PBXBuildFile; fileRef = 01B3FD872C49F9EC00BCCA3E /* HomeView.swift */; };
		01B3FD8B2C49FB0400BCCA3E /* PreviewView.swift in Sources */ = {isa = PBXBuildFile; fileRef = 01B3FD8A2C49FB0400BCCA3E /* PreviewView.swift */; };
		01B3FD8E2C49FD5C00BCCA3E /* BlankButtonStyle.swift in Sources */ = {isa = PBXBuildFile; fileRef = 0114ADB32C405691008E5114 /* BlankButtonStyle.swift */; };
		01B3FD912C49FDAE00BCCA3E /* OptionsRowButtonStyle.swift in Sources */ = {isa = PBXBuildFile; fileRef = 0114ADBB2C406FDC008E5114 /* OptionsRowButtonStyle.swift */; };
		01B3FD932C49FEA000BCCA3E /* PreviewViewModel.swift in Sources */ = {isa = PBXBuildFile; fileRef = 01B3FD922C49FEA000BCCA3E /* PreviewViewModel.swift */; };
		01B6BF032C4B394A00F447BF /* AppImageChooser.swift in Sources */ = {isa = PBXBuildFile; fileRef = 01B6BF022C4B394A00F447BF /* AppImageChooser.swift */; };
		01B6BF052C4B41CC00F447BF /* CheckCircle.swift in Sources */ = {isa = PBXBuildFile; fileRef = 01B6BF042C4B41CC00F447BF /* CheckCircle.swift */; };
		01B6BF072C4C3F3F00F447BF /* StorageKeys.swift in Sources */ = {isa = PBXBuildFile; fileRef = 01B6BF062C4C3F3F00F447BF /* StorageKeys.swift */; };
		01B6BF082C4C3F3F00F447BF /* StorageKeys.swift in Sources */ = {isa = PBXBuildFile; fileRef = 01B6BF062C4C3F3F00F447BF /* StorageKeys.swift */; };
		01B9B72E2C5ACD7100BB3A6F /* PhotoCreditsView.swift in Sources */ = {isa = PBXBuildFile; fileRef = 01B9B72D2C5ACD7100BB3A6F /* PhotoCreditsView.swift */; };
		01B9B7302C5AEFF700BB3A6F /* PhotoCredit.swift in Sources */ = {isa = PBXBuildFile; fileRef = 01B9B72F2C5AEFF700BB3A6F /* PhotoCredit.swift */; };
		01B9B7312C5AEFF700BB3A6F /* PhotoCredit.swift in Sources */ = {isa = PBXBuildFile; fileRef = 01B9B72F2C5AEFF700BB3A6F /* PhotoCredit.swift */; };
		01B9B7322C5AFCA900BB3A6F /* PhotoCreditsView.swift in Sources */ = {isa = PBXBuildFile; fileRef = 01B9B72D2C5ACD7100BB3A6F /* PhotoCreditsView.swift */; };
		01B9B7342C5AFE5100BB3A6F /* CreditRow.swift in Sources */ = {isa = PBXBuildFile; fileRef = 01B9B7332C5AFE5100BB3A6F /* CreditRow.swift */; };
		01B9B7352C5AFE5100BB3A6F /* CreditRow.swift in Sources */ = {isa = PBXBuildFile; fileRef = 01B9B7332C5AFE5100BB3A6F /* CreditRow.swift */; };
		01CBF0732C50555D0015C327 /* AppImageDetailView.swift in Sources */ = {isa = PBXBuildFile; fileRef = 01CBF0722C50555D0015C327 /* AppImageDetailView.swift */; };
		01CBF0752C5068D00015C327 /* SettingsView.swift in Sources */ = {isa = PBXBuildFile; fileRef = 01CBF0742C5068D00015C327 /* SettingsView.swift */; };
		01F7D65F2C64513300490DC6 /* ColorGrad1View.swift in Sources */ = {isa = PBXBuildFile; fileRef = 01F7D65E2C64513300490DC6 /* ColorGrad1View.swift */; };
		01FC69E02C6699CB00BAD81D /* OptionsInlineButtonStyle.swift in Sources */ = {isa = PBXBuildFile; fileRef = 01FC69DF2C6699CB00BAD81D /* OptionsInlineButtonStyle.swift */; };
/* End PBXBuildFile section */

/* Begin PBXFileReference section */
		01048BF62C581FE20057111D /* BackgroundModeButtonLabel.swift */ = {isa = PBXFileReference; lastKnownFileType = sourcecode.swift; path = BackgroundModeButtonLabel.swift; sourceTree = "<group>"; };
		01048BF82C583B2C0057111D /* ForegroundMode.swift */ = {isa = PBXFileReference; lastKnownFileType = sourcecode.swift; path = ForegroundMode.swift; sourceTree = "<group>"; };
		01048BFA2C583B810057111D /* Clock1View.swift */ = {isa = PBXFileReference; lastKnownFileType = sourcecode.swift; path = Clock1View.swift; sourceTree = "<group>"; };
		01048BFE2C5954A80057111D /* UserDefaults-Ext.swift */ = {isa = PBXFileReference; lastKnownFileType = sourcecode.swift; path = "UserDefaults-Ext.swift"; sourceTree = "<group>"; };
		01048C012C595ECF0057111D /* OptionButtonSelected.swift */ = {isa = PBXFileReference; lastKnownFileType = sourcecode.swift; path = OptionButtonSelected.swift; sourceTree = "<group>"; };
		01048C052C5965B50057111D /* Clock2View.swift */ = {isa = PBXFileReference; lastKnownFileType = sourcecode.swift; path = Clock2View.swift; sourceTree = "<group>"; };
		01048C082C59690E0057111D /* Clock3View.swift */ = {isa = PBXFileReference; lastKnownFileType = sourcecode.swift; path = Clock3View.swift; sourceTree = "<group>"; };
		01048C0B2C5969C80057111D /* Clock4View.swift */ = {isa = PBXFileReference; lastKnownFileType = sourcecode.swift; path = Clock4View.swift; sourceTree = "<group>"; };
		01048C0E2C596AEE0057111D /* Clock5View.swift */ = {isa = PBXFileReference; lastKnownFileType = sourcecode.swift; path = Clock5View.swift; sourceTree = "<group>"; };
		01048C122C5983860057111D /* NowPlaying1PreviewView.swift */ = {isa = PBXFileReference; lastKnownFileType = sourcecode.swift; path = NowPlaying1PreviewView.swift; sourceTree = "<group>"; };
		01048C142C59920B0057111D /* NowPlaying2PreviewView.swift */ = {isa = PBXFileReference; lastKnownFileType = sourcecode.swift; path = NowPlaying2PreviewView.swift; sourceTree = "<group>"; };
		01048C162C5994820057111D /* NowPlaying3PreviewView.swift */ = {isa = PBXFileReference; lastKnownFileType = sourcecode.swift; path = NowPlaying3PreviewView.swift; sourceTree = "<group>"; };
		0109E8AA2C657EA700C94982 /* ColorGrad7View.swift */ = {isa = PBXFileReference; lastKnownFileType = sourcecode.swift; path = ColorGrad7View.swift; sourceTree = "<group>"; };
		010BD2862C5431F600C522A8 /* SpaceGrotesk-Bold.ttf */ = {isa = PBXFileReference; lastKnownFileType = file; path = "SpaceGrotesk-Bold.ttf"; sourceTree = "<group>"; };
		010BD2892C54320B00C522A8 /* Info.plist */ = {isa = PBXFileReference; lastKnownFileType = text.plist; path = Info.plist; sourceTree = "<group>"; };
		010BD28A2C54323400C522A8 /* Font-Ext.swift */ = {isa = PBXFileReference; lastKnownFileType = sourcecode.swift; path = "Font-Ext.swift"; sourceTree = "<group>"; };
		010BD28D2C5432DA00C522A8 /* Info.plist */ = {isa = PBXFileReference; lastKnownFileType = text.plist; path = Info.plist; sourceTree = "<group>"; };
		01118EC32C5D93C200EF36A5 /* ColorBarsView.swift */ = {isa = PBXFileReference; lastKnownFileType = sourcecode.swift; path = ColorBarsView.swift; sourceTree = "<group>"; };
		01118EC62C5DB3CE00EF36A5 /* Emoji1View.swift */ = {isa = PBXFileReference; lastKnownFileType = sourcecode.swift; path = Emoji1View.swift; sourceTree = "<group>"; };
		0114ADB12C404D4B008E5114 /* BounceViewModel.swift */ = {isa = PBXFileReference; lastKnownFileType = sourcecode.swift; path = BounceViewModel.swift; sourceTree = "<group>"; };
		0114ADB32C405691008E5114 /* BlankButtonStyle.swift */ = {isa = PBXFileReference; lastKnownFileType = sourcecode.swift; path = BlankButtonStyle.swift; sourceTree = "<group>"; };
		0114ADB92C406499008E5114 /* OptionsView.swift */ = {isa = PBXFileReference; lastKnownFileType = sourcecode.swift; path = OptionsView.swift; sourceTree = "<group>"; };
		0114ADBB2C406FDC008E5114 /* OptionsRowButtonStyle.swift */ = {isa = PBXFileReference; lastKnownFileType = sourcecode.swift; path = OptionsRowButtonStyle.swift; sourceTree = "<group>"; };
		011DAE5E2C62B93700B769AA /* Trivia1View.swift */ = {isa = PBXFileReference; lastKnownFileType = sourcecode.swift; path = Trivia1View.swift; sourceTree = "<group>"; };
		011DAE602C62E69500B769AA /* TriviaViewModel.swift */ = {isa = PBXFileReference; lastKnownFileType = sourcecode.swift; path = TriviaViewModel.swift; sourceTree = "<group>"; };
		0133D5A22C5464B2006B7C15 /* TVHomeView.swift */ = {isa = PBXFileReference; lastKnownFileType = sourcecode.swift; path = TVHomeView.swift; sourceTree = "<group>"; };
		0133D5A92C546628006B7C15 /* BackgroundMode.swift */ = {isa = PBXFileReference; lastKnownFileType = sourcecode.swift; path = BackgroundMode.swift; sourceTree = "<group>"; };
		0133D5AB2C5466DE006B7C15 /* TVHomeViewModel.swift */ = {isa = PBXFileReference; lastKnownFileType = sourcecode.swift; path = TVHomeViewModel.swift; sourceTree = "<group>"; };
		0133D5AD2C546EA4006B7C15 /* BouncingForegroundView.swift */ = {isa = PBXFileReference; lastKnownFileType = sourcecode.swift; path = BouncingForegroundView.swift; sourceTree = "<group>"; };
		0133D5AF2C5498A8006B7C15 /* NowPlaying1View.swift */ = {isa = PBXFileReference; lastKnownFileType = sourcecode.swift; path = NowPlaying1View.swift; sourceTree = "<group>"; };
		0133D5B12C549A91006B7C15 /* NowPlayingViewModel.swift */ = {isa = PBXFileReference; lastKnownFileType = sourcecode.swift; path = NowPlayingViewModel.swift; sourceTree = "<group>"; };
		0133D5B32C55656E006B7C15 /* NowPlaying2View.swift */ = {isa = PBXFileReference; lastKnownFileType = sourcecode.swift; path = NowPlaying2View.swift; sourceTree = "<group>"; };
		0133D5B52C556A7A006B7C15 /* NothingPlayingView.swift */ = {isa = PBXFileReference; lastKnownFileType = sourcecode.swift; path = NothingPlayingView.swift; sourceTree = "<group>"; };
		0133D5B72C557C9C006B7C15 /* NowPlaying3View.swift */ = {isa = PBXFileReference; lastKnownFileType = sourcecode.swift; path = NowPlaying3View.swift; sourceTree = "<group>"; };
		013D6FE02C65798800297B59 /* ColorGrad6View.swift */ = {isa = PBXFileReference; lastKnownFileType = sourcecode.swift; path = ColorGrad6View.swift; sourceTree = "<group>"; };
		015E4FEC2C39E77600AFD64E /* TVBouncyBoy.app */ = {isa = PBXFileReference; explicitFileType = wrapper.application; includeInIndex = 0; path = TVBouncyBoy.app; sourceTree = BUILT_PRODUCTS_DIR; };
		015E4FEF2C39E77600AFD64E /* TVBouncyBoyApp.swift */ = {isa = PBXFileReference; lastKnownFileType = sourcecode.swift; path = TVBouncyBoyApp.swift; sourceTree = "<group>"; };
		015E4FF32C39E77700AFD64E /* Assets.xcassets */ = {isa = PBXFileReference; lastKnownFileType = folder.assetcatalog; path = Assets.xcassets; sourceTree = "<group>"; };
		015E4FF62C39E77700AFD64E /* Preview Assets.xcassets */ = {isa = PBXFileReference; lastKnownFileType = folder.assetcatalog; path = "Preview Assets.xcassets"; sourceTree = "<group>"; };
		015EC8D02C519B21002E05F2 /* OptionsViewModel.swift */ = {isa = PBXFileReference; lastKnownFileType = sourcecode.swift; path = OptionsViewModel.swift; sourceTree = "<group>"; };
		015EC8D22C51A198002E05F2 /* UploadOnCompanionApp.swift */ = {isa = PBXFileReference; lastKnownFileType = sourcecode.swift; path = UploadOnCompanionApp.swift; sourceTree = "<group>"; };
		015EC8D42C530B95002E05F2 /* CompanionAppOverviewView.swift */ = {isa = PBXFileReference; lastKnownFileType = sourcecode.swift; path = CompanionAppOverviewView.swift; sourceTree = "<group>"; };
		015EC8D62C531C92002E05F2 /* OverviewView.swift */ = {isa = PBXFileReference; lastKnownFileType = sourcecode.swift; path = OverviewView.swift; sourceTree = "<group>"; };
		0178B0722C653D91002D9A5D /* ColorGrad2View.swift */ = {isa = PBXFileReference; lastKnownFileType = sourcecode.swift; path = ColorGrad2View.swift; sourceTree = "<group>"; };
		0178B0742C654162002D9A5D /* ColorGrad3View.swift */ = {isa = PBXFileReference; lastKnownFileType = sourcecode.swift; path = ColorGrad3View.swift; sourceTree = "<group>"; };
		0178B0762C65526A002D9A5D /* ColorGrad4View.swift */ = {isa = PBXFileReference; lastKnownFileType = sourcecode.swift; path = ColorGrad4View.swift; sourceTree = "<group>"; };
		0178B0782C65557F002D9A5D /* ColorGrad5View.swift */ = {isa = PBXFileReference; lastKnownFileType = sourcecode.swift; path = ColorGrad5View.swift; sourceTree = "<group>"; };
		019D8CD62C61B89A000F5D21 /* Emoji2View.swift */ = {isa = PBXFileReference; lastKnownFileType = sourcecode.swift; path = Emoji2View.swift; sourceTree = "<group>"; };
		01A4571A2C4F220100A3B8DB /* WidescreenImageView.swift */ = {isa = PBXFileReference; lastKnownFileType = sourcecode.swift; path = WidescreenImageView.swift; sourceTree = "<group>"; };
		01ADC9092C49842F006A2214 /* TVBouncyBoy-iOS.app */ = {isa = PBXFileReference; explicitFileType = wrapper.application; includeInIndex = 0; path = "TVBouncyBoy-iOS.app"; sourceTree = BUILT_PRODUCTS_DIR; };
		01ADC90B2C49842F006A2214 /* TVBouncyBoy_iOSApp.swift */ = {isa = PBXFileReference; lastKnownFileType = sourcecode.swift; path = TVBouncyBoy_iOSApp.swift; sourceTree = "<group>"; };
		01ADC90D2C49842F006A2214 /* ContentView.swift */ = {isa = PBXFileReference; lastKnownFileType = sourcecode.swift; path = ContentView.swift; sourceTree = "<group>"; };
		01ADC9112C498430006A2214 /* Assets.xcassets */ = {isa = PBXFileReference; lastKnownFileType = folder.assetcatalog; path = Assets.xcassets; sourceTree = "<group>"; };
		01ADC9142C498430006A2214 /* Preview Assets.xcassets */ = {isa = PBXFileReference; lastKnownFileType = folder.assetcatalog; path = "Preview Assets.xcassets"; sourceTree = "<group>"; };
		01ADC9192C49858C006A2214 /* AppImage.swift */ = {isa = PBXFileReference; lastKnownFileType = sourcecode.swift; path = AppImage.swift; sourceTree = "<group>"; };
		01ADC91C2C4989D2006A2214 /* Utility.swift */ = {isa = PBXFileReference; lastKnownFileType = sourcecode.swift; path = Utility.swift; sourceTree = "<group>"; };
		01ADC91F2C498B12006A2214 /* DataManager.swift */ = {isa = PBXFileReference; lastKnownFileType = sourcecode.swift; path = DataManager.swift; sourceTree = "<group>"; };
		01ADC9222C498DCD006A2214 /* TVBouncyBoy.entitlements */ = {isa = PBXFileReference; lastKnownFileType = text.plist.entitlements; path = TVBouncyBoy.entitlements; sourceTree = "<group>"; };
		01ADC9232C498EAC006A2214 /* TVBouncyBoy-iOS.entitlements */ = {isa = PBXFileReference; lastKnownFileType = text.plist.entitlements; path = "TVBouncyBoy-iOS.entitlements"; sourceTree = "<group>"; };
		01ADC9242C49A656006A2214 /* ContentViewModel.swift */ = {isa = PBXFileReference; lastKnownFileType = sourcecode.swift; path = ContentViewModel.swift; sourceTree = "<group>"; };
		01ADC9272C49A759006A2214 /* PhotosPickerManager.swift */ = {isa = PBXFileReference; lastKnownFileType = sourcecode.swift; path = PhotosPickerManager.swift; sourceTree = "<group>"; };
		01ADC92B2C49C49A006A2214 /* OptionsRowButtonLabel.swift */ = {isa = PBXFileReference; lastKnownFileType = sourcecode.swift; path = OptionsRowButtonLabel.swift; sourceTree = "<group>"; };
		01B3FD872C49F9EC00BCCA3E /* HomeView.swift */ = {isa = PBXFileReference; lastKnownFileType = sourcecode.swift; path = HomeView.swift; sourceTree = "<group>"; };
		01B3FD8A2C49FB0400BCCA3E /* PreviewView.swift */ = {isa = PBXFileReference; lastKnownFileType = sourcecode.swift; path = PreviewView.swift; sourceTree = "<group>"; };
		01B3FD922C49FEA000BCCA3E /* PreviewViewModel.swift */ = {isa = PBXFileReference; lastKnownFileType = sourcecode.swift; path = PreviewViewModel.swift; sourceTree = "<group>"; };
		01B6BF022C4B394A00F447BF /* AppImageChooser.swift */ = {isa = PBXFileReference; lastKnownFileType = sourcecode.swift; path = AppImageChooser.swift; sourceTree = "<group>"; };
		01B6BF042C4B41CC00F447BF /* CheckCircle.swift */ = {isa = PBXFileReference; lastKnownFileType = sourcecode.swift; path = CheckCircle.swift; sourceTree = "<group>"; };
		01B6BF062C4C3F3F00F447BF /* StorageKeys.swift */ = {isa = PBXFileReference; lastKnownFileType = sourcecode.swift; path = StorageKeys.swift; sourceTree = "<group>"; };
		01B9B72D2C5ACD7100BB3A6F /* PhotoCreditsView.swift */ = {isa = PBXFileReference; lastKnownFileType = sourcecode.swift; path = PhotoCreditsView.swift; sourceTree = "<group>"; };
		01B9B72F2C5AEFF700BB3A6F /* PhotoCredit.swift */ = {isa = PBXFileReference; lastKnownFileType = sourcecode.swift; path = PhotoCredit.swift; sourceTree = "<group>"; };
		01B9B7332C5AFE5100BB3A6F /* CreditRow.swift */ = {isa = PBXFileReference; lastKnownFileType = sourcecode.swift; path = CreditRow.swift; sourceTree = "<group>"; };
		01CBF0722C50555D0015C327 /* AppImageDetailView.swift */ = {isa = PBXFileReference; lastKnownFileType = sourcecode.swift; path = AppImageDetailView.swift; sourceTree = "<group>"; };
		01CBF0742C5068D00015C327 /* SettingsView.swift */ = {isa = PBXFileReference; lastKnownFileType = sourcecode.swift; path = SettingsView.swift; sourceTree = "<group>"; };
		01F7D65E2C64513300490DC6 /* ColorGrad1View.swift */ = {isa = PBXFileReference; lastKnownFileType = sourcecode.swift; path = ColorGrad1View.swift; sourceTree = "<group>"; };
		01FC69DF2C6699CB00BAD81D /* OptionsInlineButtonStyle.swift */ = {isa = PBXFileReference; lastKnownFileType = sourcecode.swift; path = OptionsInlineButtonStyle.swift; sourceTree = "<group>"; };
		01FC69E12C66B09600BAD81D /* PrivacyInfo.xcprivacy */ = {isa = PBXFileReference; lastKnownFileType = text.xml; path = PrivacyInfo.xcprivacy; sourceTree = "<group>"; };
/* End PBXFileReference section */

/* Begin PBXFrameworksBuildPhase section */
		015E4FE92C39E77600AFD64E /* Frameworks */ = {
			isa = PBXFrameworksBuildPhase;
			buildActionMask = 2147483647;
			files = (
			);
			runOnlyForDeploymentPostprocessing = 0;
		};
		01ADC9062C49842F006A2214 /* Frameworks */ = {
			isa = PBXFrameworksBuildPhase;
			buildActionMask = 2147483647;
			files = (
			);
			runOnlyForDeploymentPostprocessing = 0;
		};
/* End PBXFrameworksBuildPhase section */

/* Begin PBXGroup section */
		01048C042C5964FF0057111D /* Modes */ = {
			isa = PBXGroup;
			children = (
				0133D5AF2C5498A8006B7C15 /* NowPlaying1View.swift */,
				0133D5B32C55656E006B7C15 /* NowPlaying2View.swift */,
				0133D5B72C557C9C006B7C15 /* NowPlaying3View.swift */,
				01048BFA2C583B810057111D /* Clock1View.swift */,
				01048C052C5965B50057111D /* Clock2View.swift */,
				01048C082C59690E0057111D /* Clock3View.swift */,
				01048C0B2C5969C80057111D /* Clock4View.swift */,
				01048C0E2C596AEE0057111D /* Clock5View.swift */,
				01118EC32C5D93C200EF36A5 /* ColorBarsView.swift */,
				01118EC62C5DB3CE00EF36A5 /* Emoji1View.swift */,
				019D8CD62C61B89A000F5D21 /* Emoji2View.swift */,
				011DAE5E2C62B93700B769AA /* Trivia1View.swift */,
				01F7D65E2C64513300490DC6 /* ColorGrad1View.swift */,
				0178B0722C653D91002D9A5D /* ColorGrad2View.swift */,
				0178B0742C654162002D9A5D /* ColorGrad3View.swift */,
				0178B0762C65526A002D9A5D /* ColorGrad4View.swift */,
				0178B0782C65557F002D9A5D /* ColorGrad5View.swift */,
				013D6FE02C65798800297B59 /* ColorGrad6View.swift */,
				0109E8AA2C657EA700C94982 /* ColorGrad7View.swift */,
			);
			path = Modes;
			sourceTree = "<group>";
		};
		01048C112C59835B0057111D /* Mode Option Previews */ = {
			isa = PBXGroup;
			children = (
				01048C142C59920B0057111D /* NowPlaying2PreviewView.swift */,
				01048C122C5983860057111D /* NowPlaying1PreviewView.swift */,
				01048C162C5994820057111D /* NowPlaying3PreviewView.swift */,
			);
			path = "Mode Option Previews";
			sourceTree = "<group>";
		};
		0133D5A42C5464C2006B7C15 /* Views */ = {
			isa = PBXGroup;
			children = (
				01048C112C59835B0057111D /* Mode Option Previews */,
				01048C042C5964FF0057111D /* Modes */,
				015EC8D22C51A198002E05F2 /* UploadOnCompanionApp.swift */,
				01ADC92B2C49C49A006A2214 /* OptionsRowButtonLabel.swift */,
				0114ADB92C406499008E5114 /* OptionsView.swift */,
				0133D5A22C5464B2006B7C15 /* TVHomeView.swift */,
				015EC8D62C531C92002E05F2 /* OverviewView.swift */,
				0133D5AD2C546EA4006B7C15 /* BouncingForegroundView.swift */,
				0133D5B52C556A7A006B7C15 /* NothingPlayingView.swift */,
				01048BF62C581FE20057111D /* BackgroundModeButtonLabel.swift */,
			);
			path = Views;
			sourceTree = "<group>";
		};
		0133D5A52C5464EB006B7C15 /* View Models */ = {
			isa = PBXGroup;
			children = (
				0114ADB12C404D4B008E5114 /* BounceViewModel.swift */,
				015EC8D02C519B21002E05F2 /* OptionsViewModel.swift */,
				0133D5AB2C5466DE006B7C15 /* TVHomeViewModel.swift */,
				0133D5B12C549A91006B7C15 /* NowPlayingViewModel.swift */,
				011DAE602C62E69500B769AA /* TriviaViewModel.swift */,
			);
			path = "View Models";
			sourceTree = "<group>";
		};
		0133D5A62C546510006B7C15 /* Misc */ = {
			isa = PBXGroup;
			children = (
				0114ADBB2C406FDC008E5114 /* OptionsRowButtonStyle.swift */,
				01FC69DF2C6699CB00BAD81D /* OptionsInlineButtonStyle.swift */,
				0114ADB32C405691008E5114 /* BlankButtonStyle.swift */,
				0133D5A92C546628006B7C15 /* BackgroundMode.swift */,
				01048BF82C583B2C0057111D /* ForegroundMode.swift */,
				01048C012C595ECF0057111D /* OptionButtonSelected.swift */,
			);
			path = Misc;
			sourceTree = "<group>";
		};
		0133D5A72C54651A006B7C15 /* View Models */ = {
			isa = PBXGroup;
			children = (
				01ADC9242C49A656006A2214 /* ContentViewModel.swift */,
				01B3FD922C49FEA000BCCA3E /* PreviewViewModel.swift */,
			);
			path = "View Models";
			sourceTree = "<group>";
		};
		0133D5A82C546598006B7C15 /* Misc */ = {
			isa = PBXGroup;
			children = (
				01ADC9192C49858C006A2214 /* AppImage.swift */,
				01ADC9272C49A759006A2214 /* PhotosPickerManager.swift */,
				01ADC91F2C498B12006A2214 /* DataManager.swift */,
				01B6BF062C4C3F3F00F447BF /* StorageKeys.swift */,
				010BD28A2C54323400C522A8 /* Font-Ext.swift */,
				01ADC91C2C4989D2006A2214 /* Utility.swift */,
				01048BFE2C5954A80057111D /* UserDefaults-Ext.swift */,
				01B9B72F2C5AEFF700BB3A6F /* PhotoCredit.swift */,
			);
			path = Misc;
			sourceTree = "<group>";
		};
		015E4FE32C39E77600AFD64E = {
			isa = PBXGroup;
			children = (
				01FC69E12C66B09600BAD81D /* PrivacyInfo.xcprivacy */,
				015E4FEE2C39E77600AFD64E /* TVBouncyBoy */,
				01ADC90A2C49842F006A2214 /* TVBouncyBoy-iOS */,
				015E4FED2C39E77600AFD64E /* Products */,
			);
			sourceTree = "<group>";
		};
		015E4FED2C39E77600AFD64E /* Products */ = {
			isa = PBXGroup;
			children = (
				015E4FEC2C39E77600AFD64E /* TVBouncyBoy.app */,
				01ADC9092C49842F006A2214 /* TVBouncyBoy-iOS.app */,
			);
			name = Products;
			sourceTree = "<group>";
		};
		015E4FEE2C39E77600AFD64E /* TVBouncyBoy */ = {
			isa = PBXGroup;
			children = (
				0133D5A62C546510006B7C15 /* Misc */,
				0133D5A42C5464C2006B7C15 /* Views */,
				0133D5A52C5464EB006B7C15 /* View Models */,
				010BD2892C54320B00C522A8 /* Info.plist */,
				01ADC9222C498DCD006A2214 /* TVBouncyBoy.entitlements */,
				015E4FEF2C39E77600AFD64E /* TVBouncyBoyApp.swift */,
				015E4FF32C39E77700AFD64E /* Assets.xcassets */,
				015E4FF52C39E77700AFD64E /* Preview Content */,
			);
			path = TVBouncyBoy;
			sourceTree = "<group>";
		};
		015E4FF52C39E77700AFD64E /* Preview Content */ = {
			isa = PBXGroup;
			children = (
				015E4FF62C39E77700AFD64E /* Preview Assets.xcassets */,
			);
			path = "Preview Content";
			sourceTree = "<group>";
		};
		01ADC90A2C49842F006A2214 /* TVBouncyBoy-iOS */ = {
			isa = PBXGroup;
			children = (
				010BD28D2C5432DA00C522A8 /* Info.plist */,
				0133D5A82C546598006B7C15 /* Misc */,
				01B3FD892C49FADA00BCCA3E /* Views */,
				0133D5A72C54651A006B7C15 /* View Models */,
				01ADC9232C498EAC006A2214 /* TVBouncyBoy-iOS.entitlements */,
				01ADC90B2C49842F006A2214 /* TVBouncyBoy_iOSApp.swift */,
				010BD2862C5431F600C522A8 /* SpaceGrotesk-Bold.ttf */,
				01ADC9132C498430006A2214 /* Preview Content */,
				01ADC9112C498430006A2214 /* Assets.xcassets */,
			);
			path = "TVBouncyBoy-iOS";
			sourceTree = "<group>";
		};
		01ADC9132C498430006A2214 /* Preview Content */ = {
			isa = PBXGroup;
			children = (
				01ADC9142C498430006A2214 /* Preview Assets.xcassets */,
			);
			path = "Preview Content";
			sourceTree = "<group>";
		};
		01B3FD892C49FADA00BCCA3E /* Views */ = {
			isa = PBXGroup;
			children = (
				01B3FD872C49F9EC00BCCA3E /* HomeView.swift */,
				01ADC90D2C49842F006A2214 /* ContentView.swift */,
				01B3FD8A2C49FB0400BCCA3E /* PreviewView.swift */,
				01B6BF022C4B394A00F447BF /* AppImageChooser.swift */,
				01B6BF042C4B41CC00F447BF /* CheckCircle.swift */,
				01A4571A2C4F220100A3B8DB /* WidescreenImageView.swift */,
				01CBF0722C50555D0015C327 /* AppImageDetailView.swift */,
				01CBF0742C5068D00015C327 /* SettingsView.swift */,
				015EC8D42C530B95002E05F2 /* CompanionAppOverviewView.swift */,
				01B9B72D2C5ACD7100BB3A6F /* PhotoCreditsView.swift */,
				01B9B7332C5AFE5100BB3A6F /* CreditRow.swift */,
			);
			path = Views;
			sourceTree = "<group>";
		};
/* End PBXGroup section */

/* Begin PBXNativeTarget section */
		015E4FEB2C39E77600AFD64E /* TVBouncyBoy */ = {
			isa = PBXNativeTarget;
			buildConfigurationList = 015E4FFA2C39E77700AFD64E /* Build configuration list for PBXNativeTarget "TVBouncyBoy" */;
			buildPhases = (
				015E4FE82C39E77600AFD64E /* Sources */,
				015E4FE92C39E77600AFD64E /* Frameworks */,
				015E4FEA2C39E77600AFD64E /* Resources */,
			);
			buildRules = (
			);
			dependencies = (
			);
			name = TVBouncyBoy;
			productName = TVBouncyBoy;
			productReference = 015E4FEC2C39E77600AFD64E /* TVBouncyBoy.app */;
			productType = "com.apple.product-type.application";
		};
		01ADC9082C49842F006A2214 /* TVBouncyBoy-iOS */ = {
			isa = PBXNativeTarget;
			buildConfigurationList = 01ADC9162C498430006A2214 /* Build configuration list for PBXNativeTarget "TVBouncyBoy-iOS" */;
			buildPhases = (
				01ADC9052C49842F006A2214 /* Sources */,
				01ADC9062C49842F006A2214 /* Frameworks */,
				01ADC9072C49842F006A2214 /* Resources */,
			);
			buildRules = (
			);
			dependencies = (
			);
			name = "TVBouncyBoy-iOS";
			productName = "TVBouncyBoy-iOS";
			productReference = 01ADC9092C49842F006A2214 /* TVBouncyBoy-iOS.app */;
			productType = "com.apple.product-type.application";
		};
/* End PBXNativeTarget section */

/* Begin PBXProject section */
		015E4FE42C39E77600AFD64E /* Project object */ = {
			isa = PBXProject;
			attributes = {
				BuildIndependentTargetsInParallel = 1;
				LastSwiftUpdateCheck = 1540;
				LastUpgradeCheck = 1600;
				TargetAttributes = {
					015E4FEB2C39E77600AFD64E = {
						CreatedOnToolsVersion = 16.0;
					};
					01ADC9082C49842F006A2214 = {
						CreatedOnToolsVersion = 15.4;
					};
				};
			};
			buildConfigurationList = 015E4FE72C39E77600AFD64E /* Build configuration list for PBXProject "TVBouncyBoy" */;
			compatibilityVersion = "Xcode 15.0";
			developmentRegion = en;
			hasScannedForEncodings = 0;
			knownRegions = (
				en,
				Base,
			);
			mainGroup = 015E4FE32C39E77600AFD64E;
			productRefGroup = 015E4FED2C39E77600AFD64E /* Products */;
			projectDirPath = "";
			projectRoot = "";
			targets = (
				015E4FEB2C39E77600AFD64E /* TVBouncyBoy */,
				01ADC9082C49842F006A2214 /* TVBouncyBoy-iOS */,
			);
		};
/* End PBXProject section */

/* Begin PBXResourcesBuildPhase section */
		015E4FEA2C39E77600AFD64E /* Resources */ = {
			isa = PBXResourcesBuildPhase;
			buildActionMask = 2147483647;
			files = (
				0133D5A12C543FFC006B7C15 /* SpaceGrotesk-Bold.ttf in Resources */,
				015E4FF72C39E77700AFD64E /* Preview Assets.xcassets in Resources */,
				015E4FF42C39E77700AFD64E /* Assets.xcassets in Resources */,
			);
			runOnlyForDeploymentPostprocessing = 0;
		};
		01ADC9072C49842F006A2214 /* Resources */ = {
			isa = PBXResourcesBuildPhase;
			buildActionMask = 2147483647;
			files = (
				010BD2882C5431F600C522A8 /* SpaceGrotesk-Bold.ttf in Resources */,
				01ADC9152C498430006A2214 /* Preview Assets.xcassets in Resources */,
				01118EC52C5DA1E900EF36A5 /* Assets.xcassets in Resources */,
				01ADC9122C498430006A2214 /* Assets.xcassets in Resources */,
			);
			runOnlyForDeploymentPostprocessing = 0;
		};
/* End PBXResourcesBuildPhase section */

/* Begin PBXSourcesBuildPhase section */
		015E4FE82C39E77600AFD64E /* Sources */ = {
			isa = PBXSourcesBuildPhase;
			buildActionMask = 2147483647;
			files = (
				015EC8D32C51A198002E05F2 /* UploadOnCompanionApp.swift in Sources */,
				01048BF72C581FE20057111D /* BackgroundModeButtonLabel.swift in Sources */,
				0133D5A32C5464B2006B7C15 /* TVHomeView.swift in Sources */,
				0133D5AA2C546628006B7C15 /* BackgroundMode.swift in Sources */,
				01ADC91D2C4989D2006A2214 /* Utility.swift in Sources */,
				01048C092C59690E0057111D /* Clock3View.swift in Sources */,
				0114ADB22C404D4B008E5114 /* BounceViewModel.swift in Sources */,
				01048C152C59920B0057111D /* NowPlaying2PreviewView.swift in Sources */,
				0178B0732C653D91002D9A5D /* ColorGrad2View.swift in Sources */,
				0133D5B42C55656E006B7C15 /* NowPlaying2View.swift in Sources */,
				01B6BF072C4C3F3F00F447BF /* StorageKeys.swift in Sources */,
				01A4571B2C4F220100A3B8DB /* WidescreenImageView.swift in Sources */,
				01118EC42C5D93C200EF36A5 /* ColorBarsView.swift in Sources */,
				01FC69E02C6699CB00BAD81D /* OptionsInlineButtonStyle.swift in Sources */,
				01ADC91A2C49858C006A2214 /* AppImage.swift in Sources */,
				0133D5B82C557C9C006B7C15 /* NowPlaying3View.swift in Sources */,
				01B9B7342C5AFE5100BB3A6F /* CreditRow.swift in Sources */,
				0133D5B22C549A91006B7C15 /* NowPlayingViewModel.swift in Sources */,
				01048C062C5965B50057111D /* Clock2View.swift in Sources */,
				01118EC72C5DB3CE00EF36A5 /* Emoji1View.swift in Sources */,
				0133D5AE2C546EA4006B7C15 /* BouncingForegroundView.swift in Sources */,
				0114ADBA2C406499008E5114 /* OptionsView.swift in Sources */,
				01048C132C5983860057111D /* NowPlaying1PreviewView.swift in Sources */,
				0109E8AB2C657EA700C94982 /* ColorGrad7View.swift in Sources */,
				0178B0792C65557F002D9A5D /* ColorGrad5View.swift in Sources */,
				015EC8D12C519B21002E05F2 /* OptionsViewModel.swift in Sources */,
				0114ADB42C405691008E5114 /* BlankButtonStyle.swift in Sources */,
				011DAE5F2C62B93700B769AA /* Trivia1View.swift in Sources */,
				015E4FF02C39E77600AFD64E /* TVBouncyBoyApp.swift in Sources */,
				01048C0F2C596AEE0057111D /* Clock5View.swift in Sources */,
				01048C022C595ECF0057111D /* OptionButtonSelected.swift in Sources */,
				01B9B7322C5AFCA900BB3A6F /* PhotoCreditsView.swift in Sources */,
				01ADC9202C498B12006A2214 /* DataManager.swift in Sources */,
				0114ADBC2C406FDC008E5114 /* OptionsRowButtonStyle.swift in Sources */,
				01F7D65F2C64513300490DC6 /* ColorGrad1View.swift in Sources */,
				01048BFB2C583B810057111D /* Clock1View.swift in Sources */,
				0133D5B02C5498A8006B7C15 /* NowPlaying1View.swift in Sources */,
				01048C0C2C5969C80057111D /* Clock4View.swift in Sources */,
				0178B0772C65526A002D9A5D /* ColorGrad4View.swift in Sources */,
				01048BFF2C5954A80057111D /* UserDefaults-Ext.swift in Sources */,
				013D6FE12C65798800297B59 /* ColorGrad6View.swift in Sources */,
				01ADC92C2C49C49A006A2214 /* OptionsRowButtonLabel.swift in Sources */,
				015EC8CF2C507CB1002E05F2 /* SettingsView.swift in Sources */,
				01B9B7302C5AEFF700BB3A6F /* PhotoCredit.swift in Sources */,
				01048BF92C583B2C0057111D /* ForegroundMode.swift in Sources */,
				015EC8D72C531C92002E05F2 /* OverviewView.swift in Sources */,
				019D8CD72C61B89A000F5D21 /* Emoji2View.swift in Sources */,
				0178B0752C654162002D9A5D /* ColorGrad3View.swift in Sources */,
				010BD28B2C54323400C522A8 /* Font-Ext.swift in Sources */,
				01048C172C5994820057111D /* NowPlaying3PreviewView.swift in Sources */,
				011DAE612C62E69500B769AA /* TriviaViewModel.swift in Sources */,
				0133D5B62C556A7A006B7C15 /* NothingPlayingView.swift in Sources */,
				0133D5AC2C5466DE006B7C15 /* TVHomeViewModel.swift in Sources */,
			);
			runOnlyForDeploymentPostprocessing = 0;
		};
		01ADC9052C49842F006A2214 /* Sources */ = {
			isa = PBXSourcesBuildPhase;
			buildActionMask = 2147483647;
			files = (
				01B3FD912C49FDAE00BCCA3E /* OptionsRowButtonStyle.swift in Sources */,
				01ADC91E2C4989D2006A2214 /* Utility.swift in Sources */,
				010BD28C2C54323400C522A8 /* Font-Ext.swift in Sources */,
				01ADC9212C498B12006A2214 /* DataManager.swift in Sources */,
				01CBF0752C5068D00015C327 /* SettingsView.swift in Sources */,
				01CBF0732C50555D0015C327 /* AppImageDetailView.swift in Sources */,
				01B3FD932C49FEA000BCCA3E /* PreviewViewModel.swift in Sources */,
				01B3FD8B2C49FB0400BCCA3E /* PreviewView.swift in Sources */,
				01ADC9262C49A656006A2214 /* ContentViewModel.swift in Sources */,
				01048C0D2C5969C80057111D /* Clock4View.swift in Sources */,
				01ADC90E2C49842F006A2214 /* ContentView.swift in Sources */,
				01048C102C596AEE0057111D /* Clock5View.swift in Sources */,
				01ADC90C2C49842F006A2214 /* TVBouncyBoy_iOSApp.swift in Sources */,
				01B9B7312C5AEFF700BB3A6F /* PhotoCredit.swift in Sources */,
				01B6BF052C4B41CC00F447BF /* CheckCircle.swift in Sources */,
				01B6BF082C4C3F3F00F447BF /* StorageKeys.swift in Sources */,
				01048C032C595ECF0057111D /* OptionButtonSelected.swift in Sources */,
				01B3FD882C49F9EC00BCCA3E /* HomeView.swift in Sources */,
				01A4571C2C4F220100A3B8DB /* WidescreenImageView.swift in Sources */,
				01ADC91B2C49858C006A2214 /* AppImage.swift in Sources */,
				01B9B7352C5AFE5100BB3A6F /* CreditRow.swift in Sources */,
				01048C072C5965B50057111D /* Clock2View.swift in Sources */,
				01B9B72E2C5ACD7100BB3A6F /* PhotoCreditsView.swift in Sources */,
				015EC8D52C530B95002E05F2 /* CompanionAppOverviewView.swift in Sources */,
				01B6BF032C4B394A00F447BF /* AppImageChooser.swift in Sources */,
				01B3FD8E2C49FD5C00BCCA3E /* BlankButtonStyle.swift in Sources */,
				01048C0A2C59690E0057111D /* Clock3View.swift in Sources */,
				01048C002C5954A80057111D /* UserDefaults-Ext.swift in Sources */,
				01ADC9282C49A759006A2214 /* PhotosPickerManager.swift in Sources */,
			);
			runOnlyForDeploymentPostprocessing = 0;
		};
/* End PBXSourcesBuildPhase section */

/* Begin XCBuildConfiguration section */
		015E4FF82C39E77700AFD64E /* Debug */ = {
			isa = XCBuildConfiguration;
			buildSettings = {
				ALWAYS_SEARCH_USER_PATHS = NO;
				ASSETCATALOG_COMPILER_GENERATE_SWIFT_ASSET_SYMBOL_EXTENSIONS = YES;
				CLANG_ANALYZER_NONNULL = YES;
				CLANG_ANALYZER_NUMBER_OBJECT_CONVERSION = YES_AGGRESSIVE;
				CLANG_CXX_LANGUAGE_STANDARD = "gnu++20";
				CLANG_ENABLE_MODULES = YES;
				CLANG_ENABLE_OBJC_ARC = YES;
				CLANG_ENABLE_OBJC_WEAK = YES;
				CLANG_WARN_BLOCK_CAPTURE_AUTORELEASING = YES;
				CLANG_WARN_BOOL_CONVERSION = YES;
				CLANG_WARN_COMMA = YES;
				CLANG_WARN_CONSTANT_CONVERSION = YES;
				CLANG_WARN_DEPRECATED_OBJC_IMPLEMENTATIONS = YES;
				CLANG_WARN_DIRECT_OBJC_ISA_USAGE = YES_ERROR;
				CLANG_WARN_DOCUMENTATION_COMMENTS = YES;
				CLANG_WARN_EMPTY_BODY = YES;
				CLANG_WARN_ENUM_CONVERSION = YES;
				CLANG_WARN_INFINITE_RECURSION = YES;
				CLANG_WARN_INT_CONVERSION = YES;
				CLANG_WARN_NON_LITERAL_NULL_CONVERSION = YES;
				CLANG_WARN_OBJC_IMPLICIT_RETAIN_SELF = YES;
				CLANG_WARN_OBJC_LITERAL_CONVERSION = YES;
				CLANG_WARN_OBJC_ROOT_CLASS = YES_ERROR;
				CLANG_WARN_QUOTED_INCLUDE_IN_FRAMEWORK_HEADER = YES;
				CLANG_WARN_RANGE_LOOP_ANALYSIS = YES;
				CLANG_WARN_STRICT_PROTOTYPES = YES;
				CLANG_WARN_SUSPICIOUS_MOVE = YES;
				CLANG_WARN_UNGUARDED_AVAILABILITY = YES_AGGRESSIVE;
				CLANG_WARN_UNREACHABLE_CODE = YES;
				CLANG_WARN__DUPLICATE_METHOD_MATCH = YES;
				COPY_PHASE_STRIP = NO;
				DEBUG_INFORMATION_FORMAT = dwarf;
				ENABLE_STRICT_OBJC_MSGSEND = YES;
				ENABLE_TESTABILITY = YES;
				ENABLE_USER_SCRIPT_SANDBOXING = YES;
				GCC_C_LANGUAGE_STANDARD = gnu17;
				GCC_DYNAMIC_NO_PIC = NO;
				GCC_NO_COMMON_BLOCKS = YES;
				GCC_OPTIMIZATION_LEVEL = 0;
				GCC_PREPROCESSOR_DEFINITIONS = (
					"DEBUG=1",
					"$(inherited)",
				);
				GCC_WARN_64_TO_32_BIT_CONVERSION = YES;
				GCC_WARN_ABOUT_RETURN_TYPE = YES_ERROR;
				GCC_WARN_UNDECLARED_SELECTOR = YES;
				GCC_WARN_UNINITIALIZED_AUTOS = YES_AGGRESSIVE;
				GCC_WARN_UNUSED_FUNCTION = YES;
				GCC_WARN_UNUSED_VARIABLE = YES;
				LOCALIZATION_PREFERS_STRING_CATALOGS = YES;
				MTL_ENABLE_DEBUG_INFO = INCLUDE_SOURCE;
				MTL_FAST_MATH = YES;
				ONLY_ACTIVE_ARCH = YES;
				SDKROOT = appletvos;
				SWIFT_ACTIVE_COMPILATION_CONDITIONS = "DEBUG $(inherited)";
				SWIFT_OPTIMIZATION_LEVEL = "-Onone";
				TVOS_DEPLOYMENT_TARGET = 18.0;
			};
			name = Debug;
		};
		015E4FF92C39E77700AFD64E /* Release */ = {
			isa = XCBuildConfiguration;
			buildSettings = {
				ALWAYS_SEARCH_USER_PATHS = NO;
				ASSETCATALOG_COMPILER_GENERATE_SWIFT_ASSET_SYMBOL_EXTENSIONS = YES;
				CLANG_ANALYZER_NONNULL = YES;
				CLANG_ANALYZER_NUMBER_OBJECT_CONVERSION = YES_AGGRESSIVE;
				CLANG_CXX_LANGUAGE_STANDARD = "gnu++20";
				CLANG_ENABLE_MODULES = YES;
				CLANG_ENABLE_OBJC_ARC = YES;
				CLANG_ENABLE_OBJC_WEAK = YES;
				CLANG_WARN_BLOCK_CAPTURE_AUTORELEASING = YES;
				CLANG_WARN_BOOL_CONVERSION = YES;
				CLANG_WARN_COMMA = YES;
				CLANG_WARN_CONSTANT_CONVERSION = YES;
				CLANG_WARN_DEPRECATED_OBJC_IMPLEMENTATIONS = YES;
				CLANG_WARN_DIRECT_OBJC_ISA_USAGE = YES_ERROR;
				CLANG_WARN_DOCUMENTATION_COMMENTS = YES;
				CLANG_WARN_EMPTY_BODY = YES;
				CLANG_WARN_ENUM_CONVERSION = YES;
				CLANG_WARN_INFINITE_RECURSION = YES;
				CLANG_WARN_INT_CONVERSION = YES;
				CLANG_WARN_NON_LITERAL_NULL_CONVERSION = YES;
				CLANG_WARN_OBJC_IMPLICIT_RETAIN_SELF = YES;
				CLANG_WARN_OBJC_LITERAL_CONVERSION = YES;
				CLANG_WARN_OBJC_ROOT_CLASS = YES_ERROR;
				CLANG_WARN_QUOTED_INCLUDE_IN_FRAMEWORK_HEADER = YES;
				CLANG_WARN_RANGE_LOOP_ANALYSIS = YES;
				CLANG_WARN_STRICT_PROTOTYPES = YES;
				CLANG_WARN_SUSPICIOUS_MOVE = YES;
				CLANG_WARN_UNGUARDED_AVAILABILITY = YES_AGGRESSIVE;
				CLANG_WARN_UNREACHABLE_CODE = YES;
				CLANG_WARN__DUPLICATE_METHOD_MATCH = YES;
				COPY_PHASE_STRIP = NO;
				DEBUG_INFORMATION_FORMAT = "dwarf-with-dsym";
				ENABLE_NS_ASSERTIONS = NO;
				ENABLE_STRICT_OBJC_MSGSEND = YES;
				ENABLE_USER_SCRIPT_SANDBOXING = YES;
				GCC_C_LANGUAGE_STANDARD = gnu17;
				GCC_NO_COMMON_BLOCKS = YES;
				GCC_WARN_64_TO_32_BIT_CONVERSION = YES;
				GCC_WARN_ABOUT_RETURN_TYPE = YES_ERROR;
				GCC_WARN_UNDECLARED_SELECTOR = YES;
				GCC_WARN_UNINITIALIZED_AUTOS = YES_AGGRESSIVE;
				GCC_WARN_UNUSED_FUNCTION = YES;
				GCC_WARN_UNUSED_VARIABLE = YES;
				LOCALIZATION_PREFERS_STRING_CATALOGS = YES;
				MTL_ENABLE_DEBUG_INFO = NO;
				MTL_FAST_MATH = YES;
				SDKROOT = appletvos;
				SWIFT_COMPILATION_MODE = wholemodule;
				TVOS_DEPLOYMENT_TARGET = 18.0;
				VALIDATE_PRODUCT = YES;
			};
			name = Release;
		};
		015E4FFB2C39E77700AFD64E /* Debug */ = {
			isa = XCBuildConfiguration;
			buildSettings = {
				ASSETCATALOG_COMPILER_APPICON_NAME = "App Icon & Top Shelf Image";
				ASSETCATALOG_COMPILER_GLOBAL_ACCENT_COLOR_NAME = AccentColor;
				CODE_SIGN_ENTITLEMENTS = TVBouncyBoy/TVBouncyBoy.entitlements;
				CODE_SIGN_STYLE = Automatic;
				CURRENT_PROJECT_VERSION = 1;
				DEVELOPMENT_ASSET_PATHS = "\"TVBouncyBoy/Preview Content\"";
				DEVELOPMENT_TEAM = CCAQHTG68D;
				ENABLE_PREVIEWS = YES;
				GENERATE_INFOPLIST_FILE = YES;
				INFOPLIST_FILE = TVBouncyBoy/Info.plist;
				INFOPLIST_KEY_CFBundleDisplayName = Bouncer;
				INFOPLIST_KEY_LSApplicationCategoryType = "public.app-category.entertainment";
				INFOPLIST_KEY_NSAppleMusicUsageDescription = "Used to show music info in the \"now playing\" modes";
				INFOPLIST_KEY_UILaunchScreen_Generation = YES;
				INFOPLIST_KEY_UIUserInterfaceStyle = Automatic;
				IPHONEOS_DEPLOYMENT_TARGET = 17.0;
				LD_RUNPATH_SEARCH_PATHS = (
					"$(inherited)",
					"@executable_path/Frameworks",
				);
				MARKETING_VERSION = 1.0;
				PRODUCT_BUNDLE_IDENTIFIER = com.johnslevin.TVBouncyBoy;
				PRODUCT_NAME = "$(TARGET_NAME)";
				SWIFT_EMIT_LOC_STRINGS = YES;
				SWIFT_VERSION = 5.0;
				TARGETED_DEVICE_FAMILY = 3;
				TVOS_DEPLOYMENT_TARGET = 17.5;
			};
			name = Debug;
		};
		015E4FFC2C39E77700AFD64E /* Release */ = {
			isa = XCBuildConfiguration;
			buildSettings = {
				ASSETCATALOG_COMPILER_APPICON_NAME = "App Icon & Top Shelf Image";
				ASSETCATALOG_COMPILER_GLOBAL_ACCENT_COLOR_NAME = AccentColor;
				CODE_SIGN_ENTITLEMENTS = TVBouncyBoy/TVBouncyBoy.entitlements;
				CODE_SIGN_STYLE = Automatic;
				CURRENT_PROJECT_VERSION = 1;
				DEVELOPMENT_ASSET_PATHS = "\"TVBouncyBoy/Preview Content\"";
				DEVELOPMENT_TEAM = CCAQHTG68D;
				ENABLE_PREVIEWS = YES;
				GENERATE_INFOPLIST_FILE = YES;
				INFOPLIST_FILE = TVBouncyBoy/Info.plist;
				INFOPLIST_KEY_CFBundleDisplayName = Bouncer;
				INFOPLIST_KEY_LSApplicationCategoryType = "public.app-category.entertainment";
				INFOPLIST_KEY_NSAppleMusicUsageDescription = "Used to show music info in the \"now playing\" modes";
				INFOPLIST_KEY_UILaunchScreen_Generation = YES;
				INFOPLIST_KEY_UIUserInterfaceStyle = Automatic;
				IPHONEOS_DEPLOYMENT_TARGET = 17.0;
				LD_RUNPATH_SEARCH_PATHS = (
					"$(inherited)",
					"@executable_path/Frameworks",
				);
				MARKETING_VERSION = 1.0;
				PRODUCT_BUNDLE_IDENTIFIER = com.johnslevin.TVBouncyBoy;
				PRODUCT_NAME = "$(TARGET_NAME)";
				SWIFT_EMIT_LOC_STRINGS = YES;
				SWIFT_VERSION = 5.0;
				TARGETED_DEVICE_FAMILY = 3;
				TVOS_DEPLOYMENT_TARGET = 17.5;
			};
			name = Release;
		};
		01ADC9172C498430006A2214 /* Debug */ = {
			isa = XCBuildConfiguration;
			buildSettings = {
				ASSETCATALOG_COMPILER_APPICON_NAME = AppIcon;
				ASSETCATALOG_COMPILER_GLOBAL_ACCENT_COLOR_NAME = AccentColor;
				CODE_SIGN_ENTITLEMENTS = "TVBouncyBoy-iOS/TVBouncyBoy-iOS.entitlements";
				CODE_SIGN_STYLE = Automatic;
				CURRENT_PROJECT_VERSION = 1;
				DEVELOPMENT_ASSET_PATHS = "\"TVBouncyBoy-iOS/Preview Content\"";
				DEVELOPMENT_TEAM = CCAQHTG68D;
				ENABLE_PREVIEWS = YES;
				GENERATE_INFOPLIST_FILE = YES;
				INFOPLIST_FILE = "TVBouncyBoy-iOS/Info.plist";
				INFOPLIST_KEY_CFBundleDisplayName = Bouncer;
				INFOPLIST_KEY_LSApplicationCategoryType = "public.app-category.entertainment";
				INFOPLIST_KEY_UIApplicationSceneManifest_Generation = YES;
				INFOPLIST_KEY_UIApplicationSupportsIndirectInputEvents = YES;
				INFOPLIST_KEY_UILaunchScreen_Generation = YES;
				INFOPLIST_KEY_UISupportedInterfaceOrientations_iPad = "UIInterfaceOrientationPortrait UIInterfaceOrientationPortraitUpsideDown UIInterfaceOrientationLandscapeLeft UIInterfaceOrientationLandscapeRight";
				INFOPLIST_KEY_UISupportedInterfaceOrientations_iPhone = "UIInterfaceOrientationPortrait UIInterfaceOrientationLandscapeLeft UIInterfaceOrientationLandscapeRight";
				IPHONEOS_DEPLOYMENT_TARGET = 17.5;
				LD_RUNPATH_SEARCH_PATHS = (
					"$(inherited)",
					"@executable_path/Frameworks",
				);
				MARKETING_VERSION = 1.0;
				PRODUCT_BUNDLE_IDENTIFIER = com.johnslevin.TVBouncyBoy;
				PRODUCT_NAME = "$(TARGET_NAME)";
				SDKROOT = iphoneos;
				SUPPORTED_PLATFORMS = "iphoneos iphonesimulator";
				SUPPORTS_MACCATALYST = NO;
				SUPPORTS_MAC_DESIGNED_FOR_IPHONE_IPAD = NO;
				SUPPORTS_XR_DESIGNED_FOR_IPHONE_IPAD = NO;
				SWIFT_EMIT_LOC_STRINGS = YES;
				SWIFT_VERSION = 5.0;
				TARGETED_DEVICE_FAMILY = 1;
			};
			name = Debug;
		};
		01ADC9182C498430006A2214 /* Release */ = {
			isa = XCBuildConfiguration;
			buildSettings = {
				ASSETCATALOG_COMPILER_APPICON_NAME = AppIcon;
				ASSETCATALOG_COMPILER_GLOBAL_ACCENT_COLOR_NAME = AccentColor;
				CODE_SIGN_ENTITLEMENTS = "TVBouncyBoy-iOS/TVBouncyBoy-iOS.entitlements";
				CODE_SIGN_STYLE = Automatic;
				CURRENT_PROJECT_VERSION = 1;
				DEVELOPMENT_ASSET_PATHS = "\"TVBouncyBoy-iOS/Preview Content\"";
				DEVELOPMENT_TEAM = CCAQHTG68D;
				ENABLE_PREVIEWS = YES;
				GENERATE_INFOPLIST_FILE = YES;
				INFOPLIST_FILE = "TVBouncyBoy-iOS/Info.plist";
				INFOPLIST_KEY_CFBundleDisplayName = Bouncer;
				INFOPLIST_KEY_LSApplicationCategoryType = "public.app-category.entertainment";
				INFOPLIST_KEY_UIApplicationSceneManifest_Generation = YES;
				INFOPLIST_KEY_UIApplicationSupportsIndirectInputEvents = YES;
				INFOPLIST_KEY_UILaunchScreen_Generation = YES;
				INFOPLIST_KEY_UISupportedInterfaceOrientations_iPad = "UIInterfaceOrientationPortrait UIInterfaceOrientationPortraitUpsideDown UIInterfaceOrientationLandscapeLeft UIInterfaceOrientationLandscapeRight";
				INFOPLIST_KEY_UISupportedInterfaceOrientations_iPhone = "UIInterfaceOrientationPortrait UIInterfaceOrientationLandscapeLeft UIInterfaceOrientationLandscapeRight";
				IPHONEOS_DEPLOYMENT_TARGET = 17.5;
				LD_RUNPATH_SEARCH_PATHS = (
					"$(inherited)",
					"@executable_path/Frameworks",
				);
				MARKETING_VERSION = 1.0;
				PRODUCT_BUNDLE_IDENTIFIER = com.johnslevin.TVBouncyBoy;
				PRODUCT_NAME = "$(TARGET_NAME)";
				SDKROOT = iphoneos;
				SUPPORTED_PLATFORMS = "iphoneos iphonesimulator";
				SUPPORTS_MACCATALYST = NO;
				SUPPORTS_MAC_DESIGNED_FOR_IPHONE_IPAD = NO;
				SUPPORTS_XR_DESIGNED_FOR_IPHONE_IPAD = NO;
				SWIFT_EMIT_LOC_STRINGS = YES;
				SWIFT_VERSION = 5.0;
				TARGETED_DEVICE_FAMILY = 1;
			};
			name = Release;
		};
/* End XCBuildConfiguration section */

/* Begin XCConfigurationList section */
		015E4FE72C39E77600AFD64E /* Build configuration list for PBXProject "TVBouncyBoy" */ = {
			isa = XCConfigurationList;
			buildConfigurations = (
				015E4FF82C39E77700AFD64E /* Debug */,
				015E4FF92C39E77700AFD64E /* Release */,
			);
			defaultConfigurationIsVisible = 0;
			defaultConfigurationName = Release;
		};
		015E4FFA2C39E77700AFD64E /* Build configuration list for PBXNativeTarget "TVBouncyBoy" */ = {
			isa = XCConfigurationList;
			buildConfigurations = (
				015E4FFB2C39E77700AFD64E /* Debug */,
				015E4FFC2C39E77700AFD64E /* Release */,
			);
			defaultConfigurationIsVisible = 0;
			defaultConfigurationName = Release;
		};
		01ADC9162C498430006A2214 /* Build configuration list for PBXNativeTarget "TVBouncyBoy-iOS" */ = {
			isa = XCConfigurationList;
			buildConfigurations = (
				01ADC9172C498430006A2214 /* Debug */,
				01ADC9182C498430006A2214 /* Release */,
			);
			defaultConfigurationIsVisible = 0;
			defaultConfigurationName = Release;
		};
/* End XCConfigurationList section */
	};
	rootObject = 015E4FE42C39E77600AFD64E /* Project object */;
}
